// !$*UTF8*$!
{
	archiveVersion = 1;
	classes = {
	};
	objectVersion = 56;
	objects = {

/* Begin PBXBuildFile section */
		0587996D2B0CD2BD00281666 /* UITableView+.swift in Sources */ = {isa = PBXBuildFile; fileRef = 0587996C2B0CD2BD00281666 /* UITableView+.swift */; };
		0587996F2B0CD3E500281666 /* Menu.swift in Sources */ = {isa = PBXBuildFile; fileRef = 0587996E2B0CD3E500281666 /* Menu.swift */; };
		058799722B0CD47300281666 /* MenuTableViewCell.swift in Sources */ = {isa = PBXBuildFile; fileRef = 058799712B0CD47300281666 /* MenuTableViewCell.swift */; };
		058799742B0CD75D00281666 /* UIImageView+.swift in Sources */ = {isa = PBXBuildFile; fileRef = 058799732B0CD75D00281666 /* UIImageView+.swift */; };
		05C765F02B0B7E0700FA9483 /* AppDelegate.swift in Sources */ = {isa = PBXBuildFile; fileRef = 05C765EF2B0B7E0700FA9483 /* AppDelegate.swift */; };
		05C765F22B0B7E0700FA9483 /* SceneDelegate.swift in Sources */ = {isa = PBXBuildFile; fileRef = 05C765F12B0B7E0700FA9483 /* SceneDelegate.swift */; };
		05C765F42B0B7E0700FA9483 /* MainViewController.swift in Sources */ = {isa = PBXBuildFile; fileRef = 05C765F32B0B7E0700FA9483 /* MainViewController.swift */; };
		05C765F92B0B7E0900FA9483 /* Assets.xcassets in Resources */ = {isa = PBXBuildFile; fileRef = 05C765F82B0B7E0900FA9483 /* Assets.xcassets */; };
		05C765FC2B0B7E0900FA9483 /* LaunchScreen.storyboard in Resources */ = {isa = PBXBuildFile; fileRef = 05C765FA2B0B7E0900FA9483 /* LaunchScreen.storyboard */; };
		05C766062B0B7E5F00FA9483 /* UICollectionView+.swift in Sources */ = {isa = PBXBuildFile; fileRef = 05C766042B0B7E5F00FA9483 /* UICollectionView+.swift */; };
		05C766072B0B7E5F00FA9483 /* NSObject+.swift in Sources */ = {isa = PBXBuildFile; fileRef = 05C766052B0B7E5F00FA9483 /* NSObject+.swift */; };
		05C7660D2B0B7E9600FA9483 /* Category.swift in Sources */ = {isa = PBXBuildFile; fileRef = 05C7660C2B0B7E9600FA9483 /* Category.swift */; };
		05C766102B0B824F00FA9483 /* UIViewController+.swift in Sources */ = {isa = PBXBuildFile; fileRef = 05C7660F2B0B824F00FA9483 /* UIViewController+.swift */; };
		05C766132B0B82E900FA9483 /* BaseViewController.swift in Sources */ = {isa = PBXBuildFile; fileRef = 05C766122B0B82E900FA9483 /* BaseViewController.swift */; };
		05C766152B0B859700FA9483 /* UIStackView+.swift in Sources */ = {isa = PBXBuildFile; fileRef = 05C766142B0B859700FA9483 /* UIStackView+.swift */; };
		05C766172B0B882600FA9483 /* UIView+.swift in Sources */ = {isa = PBXBuildFile; fileRef = 05C766162B0B882600FA9483 /* UIView+.swift */; };
		05C766192B0B954B00FA9483 /* TableViewController.swift in Sources */ = {isa = PBXBuildFile; fileRef = 05C766182B0B954B00FA9483 /* TableViewController.swift */; };
		05C7661C2B0B95FE00FA9483 /* StoryboardInstantiable.swift in Sources */ = {isa = PBXBuildFile; fileRef = 05C7661B2B0B95FE00FA9483 /* StoryboardInstantiable.swift */; };
		EF6F3B026ABE5D1B7D17DA53 /* Pods_MyCodeBaseViews.framework in Frameworks */ = {isa = PBXBuildFile; fileRef = A3E74B969FE286DB32B5B532 /* Pods_MyCodeBaseViews.framework */; };
/* End PBXBuildFile section */

/* Begin PBXFileReference section */
		0587996C2B0CD2BD00281666 /* UITableView+.swift */ = {isa = PBXFileReference; lastKnownFileType = sourcecode.swift; path = "UITableView+.swift"; sourceTree = "<group>"; };
		0587996E2B0CD3E500281666 /* Menu.swift */ = {isa = PBXFileReference; lastKnownFileType = sourcecode.swift; path = Menu.swift; sourceTree = "<group>"; };
		058799712B0CD47300281666 /* MenuTableViewCell.swift */ = {isa = PBXFileReference; lastKnownFileType = sourcecode.swift; path = MenuTableViewCell.swift; sourceTree = "<group>"; };
		058799732B0CD75D00281666 /* UIImageView+.swift */ = {isa = PBXFileReference; lastKnownFileType = sourcecode.swift; path = "UIImageView+.swift"; sourceTree = "<group>"; };
		05C765EC2B0B7E0700FA9483 /* MyCodeBaseViews.app */ = {isa = PBXFileReference; explicitFileType = wrapper.application; includeInIndex = 0; path = MyCodeBaseViews.app; sourceTree = BUILT_PRODUCTS_DIR; };
		05C765EF2B0B7E0700FA9483 /* AppDelegate.swift */ = {isa = PBXFileReference; lastKnownFileType = sourcecode.swift; path = AppDelegate.swift; sourceTree = "<group>"; };
		05C765F12B0B7E0700FA9483 /* SceneDelegate.swift */ = {isa = PBXFileReference; lastKnownFileType = sourcecode.swift; path = SceneDelegate.swift; sourceTree = "<group>"; };
		05C765F32B0B7E0700FA9483 /* MainViewController.swift */ = {isa = PBXFileReference; lastKnownFileType = sourcecode.swift; path = MainViewController.swift; sourceTree = "<group>"; };
		05C765F82B0B7E0900FA9483 /* Assets.xcassets */ = {isa = PBXFileReference; lastKnownFileType = folder.assetcatalog; path = Assets.xcassets; sourceTree = "<group>"; };
		05C765FB2B0B7E0900FA9483 /* Base */ = {isa = PBXFileReference; lastKnownFileType = file.storyboard; name = Base; path = Base.lproj/LaunchScreen.storyboard; sourceTree = "<group>"; };
		05C765FD2B0B7E0900FA9483 /* Info.plist */ = {isa = PBXFileReference; lastKnownFileType = text.plist.xml; path = Info.plist; sourceTree = "<group>"; };
		05C766042B0B7E5F00FA9483 /* UICollectionView+.swift */ = {isa = PBXFileReference; fileEncoding = 4; lastKnownFileType = sourcecode.swift; name = "UICollectionView+.swift"; path = "../../../MyUICollectionViewCompositionalLayout/MyUICollectionViewCompositionalLayout/extension/UICollectionView+.swift"; sourceTree = "<group>"; };
		05C766052B0B7E5F00FA9483 /* NSObject+.swift */ = {isa = PBXFileReference; fileEncoding = 4; lastKnownFileType = sourcecode.swift; name = "NSObject+.swift"; path = "../../../MyUICollectionViewCompositionalLayout/MyUICollectionViewCompositionalLayout/extension/NSObject+.swift"; sourceTree = "<group>"; };
		05C7660C2B0B7E9600FA9483 /* Category.swift */ = {isa = PBXFileReference; fileEncoding = 4; lastKnownFileType = sourcecode.swift; path = Category.swift; sourceTree = "<group>"; };
		05C7660F2B0B824F00FA9483 /* UIViewController+.swift */ = {isa = PBXFileReference; lastKnownFileType = sourcecode.swift; path = "UIViewController+.swift"; sourceTree = "<group>"; };
		05C766122B0B82E900FA9483 /* BaseViewController.swift */ = {isa = PBXFileReference; lastKnownFileType = sourcecode.swift; path = BaseViewController.swift; sourceTree = "<group>"; };
		05C766142B0B859700FA9483 /* UIStackView+.swift */ = {isa = PBXFileReference; lastKnownFileType = sourcecode.swift; path = "UIStackView+.swift"; sourceTree = "<group>"; };
		05C766162B0B882600FA9483 /* UIView+.swift */ = {isa = PBXFileReference; lastKnownFileType = sourcecode.swift; path = "UIView+.swift"; sourceTree = "<group>"; };
		05C766182B0B954B00FA9483 /* TableViewController.swift */ = {isa = PBXFileReference; lastKnownFileType = sourcecode.swift; path = TableViewController.swift; sourceTree = "<group>"; };
		05C7661B2B0B95FE00FA9483 /* StoryboardInstantiable.swift */ = {isa = PBXFileReference; lastKnownFileType = sourcecode.swift; path = StoryboardInstantiable.swift; sourceTree = "<group>"; };
		1FDFA0210CF709C6F9D86419 /* Pods-MyCodeBaseViews.debug.xcconfig */ = {isa = PBXFileReference; includeInIndex = 1; lastKnownFileType = text.xcconfig; name = "Pods-MyCodeBaseViews.debug.xcconfig"; path = "Target Support Files/Pods-MyCodeBaseViews/Pods-MyCodeBaseViews.debug.xcconfig"; sourceTree = "<group>"; };
		512BC09C7A7FF8855EDEA263 /* Pods-MyCodeBaseViews.release.xcconfig */ = {isa = PBXFileReference; includeInIndex = 1; lastKnownFileType = text.xcconfig; name = "Pods-MyCodeBaseViews.release.xcconfig"; path = "Target Support Files/Pods-MyCodeBaseViews/Pods-MyCodeBaseViews.release.xcconfig"; sourceTree = "<group>"; };
		A3E74B969FE286DB32B5B532 /* Pods_MyCodeBaseViews.framework */ = {isa = PBXFileReference; explicitFileType = wrapper.framework; includeInIndex = 0; path = Pods_MyCodeBaseViews.framework; sourceTree = BUILT_PRODUCTS_DIR; };
/* End PBXFileReference section */

/* Begin PBXFrameworksBuildPhase section */
		05C765E92B0B7E0700FA9483 /* Frameworks */ = {
			isa = PBXFrameworksBuildPhase;
			buildActionMask = 2147483647;
			files = (
				EF6F3B026ABE5D1B7D17DA53 /* Pods_MyCodeBaseViews.framework in Frameworks */,
			);
			runOnlyForDeploymentPostprocessing = 0;
		};
/* End PBXFrameworksBuildPhase section */

/* Begin PBXGroup section */
		058799702B0CD46900281666 /* Cell */ = {
			isa = PBXGroup;
			children = (
				058799712B0CD47300281666 /* MenuTableViewCell.swift */,
			);
			path = Cell;
			sourceTree = "<group>";
		};
		05C765E32B0B7E0700FA9483 = {
			isa = PBXGroup;
			children = (
				05C765EE2B0B7E0700FA9483 /* MyCodeBaseViews */,
				05C765ED2B0B7E0700FA9483 /* Products */,
				0D0FC7789CE13BDE4EE59E96 /* Pods */,
				2E694E28B92F07E4AFA02A28 /* Frameworks */,
			);
			sourceTree = "<group>";
		};
		05C765ED2B0B7E0700FA9483 /* Products */ = {
			isa = PBXGroup;
			children = (
				05C765EC2B0B7E0700FA9483 /* MyCodeBaseViews.app */,
			);
			name = Products;
			sourceTree = "<group>";
		};
		05C765EE2B0B7E0700FA9483 /* MyCodeBaseViews */ = {
			isa = PBXGroup;
			children = (
				058799702B0CD46900281666 /* Cell */,
				05C7661A2B0B95A900FA9483 /* Protocol */,
				05C766112B0B82DC00FA9483 /* Base */,
				05C7660E2B0B816200FA9483 /* ViewController */,
				05C7660B2B0B7E8D00FA9483 /* Model */,
				05C766032B0B7E3600FA9483 /* Extension */,
				05C765EF2B0B7E0700FA9483 /* AppDelegate.swift */,
				05C765F12B0B7E0700FA9483 /* SceneDelegate.swift */,
				05C765F82B0B7E0900FA9483 /* Assets.xcassets */,
				05C765FA2B0B7E0900FA9483 /* LaunchScreen.storyboard */,
				05C765FD2B0B7E0900FA9483 /* Info.plist */,
			);
			path = MyCodeBaseViews;
			sourceTree = "<group>";
		};
		05C766032B0B7E3600FA9483 /* Extension */ = {
			isa = PBXGroup;
			children = (
				05C766052B0B7E5F00FA9483 /* NSObject+.swift */,
				05C766042B0B7E5F00FA9483 /* UICollectionView+.swift */,
				05C7660F2B0B824F00FA9483 /* UIViewController+.swift */,
				05C766142B0B859700FA9483 /* UIStackView+.swift */,
				05C766162B0B882600FA9483 /* UIView+.swift */,
				0587996C2B0CD2BD00281666 /* UITableView+.swift */,
				058799732B0CD75D00281666 /* UIImageView+.swift */,
			);
			path = Extension;
			sourceTree = "<group>";
		};
		05C7660B2B0B7E8D00FA9483 /* Model */ = {
			isa = PBXGroup;
			children = (
				05C7660C2B0B7E9600FA9483 /* Category.swift */,
				0587996E2B0CD3E500281666 /* Menu.swift */,
			);
			path = Model;
			sourceTree = "<group>";
		};
		05C7660E2B0B816200FA9483 /* ViewController */ = {
			isa = PBXGroup;
			children = (
				05C765F32B0B7E0700FA9483 /* MainViewController.swift */,
				05C766182B0B954B00FA9483 /* TableViewController.swift */,
			);
			path = ViewController;
			sourceTree = "<group>";
		};
		05C766112B0B82DC00FA9483 /* Base */ = {
			isa = PBXGroup;
			children = (
				05C766122B0B82E900FA9483 /* BaseViewController.swift */,
			);
			path = Base;
			sourceTree = "<group>";
		};
		05C7661A2B0B95A900FA9483 /* Protocol */ = {
			isa = PBXGroup;
			children = (
				05C7661B2B0B95FE00FA9483 /* StoryboardInstantiable.swift */,
			);
			path = Protocol;
			sourceTree = "<group>";
		};
		0D0FC7789CE13BDE4EE59E96 /* Pods */ = {
			isa = PBXGroup;
			children = (
				1FDFA0210CF709C6F9D86419 /* Pods-MyCodeBaseViews.debug.xcconfig */,
				512BC09C7A7FF8855EDEA263 /* Pods-MyCodeBaseViews.release.xcconfig */,
			);
			path = Pods;
			sourceTree = "<group>";
		};
		2E694E28B92F07E4AFA02A28 /* Frameworks */ = {
			isa = PBXGroup;
			children = (
				A3E74B969FE286DB32B5B532 /* Pods_MyCodeBaseViews.framework */,
			);
			name = Frameworks;
			sourceTree = "<group>";
		};
/* End PBXGroup section */

/* Begin PBXNativeTarget section */
		05C765EB2B0B7E0700FA9483 /* MyCodeBaseViews */ = {
			isa = PBXNativeTarget;
			buildConfigurationList = 05C766002B0B7E0900FA9483 /* Build configuration list for PBXNativeTarget "MyCodeBaseViews" */;
			buildPhases = (
				9FEF39CFB3D3561C5FC565A8 /* [CP] Check Pods Manifest.lock */,
				05C765E82B0B7E0700FA9483 /* Sources */,
				05C765E92B0B7E0700FA9483 /* Frameworks */,
				05C765EA2B0B7E0700FA9483 /* Resources */,
				29C9539286E18F2955C06273 /* [CP] Embed Pods Frameworks */,
			);
			buildRules = (
			);
			dependencies = (
			);
			name = MyCodeBaseViews;
			productName = MyCodeBaseViews;
			productReference = 05C765EC2B0B7E0700FA9483 /* MyCodeBaseViews.app */;
			productType = "com.apple.product-type.application";
		};
/* End PBXNativeTarget section */

/* Begin PBXProject section */
		05C765E42B0B7E0700FA9483 /* Project object */ = {
			isa = PBXProject;
			attributes = {
				BuildIndependentTargetsInParallel = 1;
				LastSwiftUpdateCheck = 1500;
				LastUpgradeCheck = 1500;
				TargetAttributes = {
					05C765EB2B0B7E0700FA9483 = {
						CreatedOnToolsVersion = 15.0.1;
					};
				};
			};
			buildConfigurationList = 05C765E72B0B7E0700FA9483 /* Build configuration list for PBXProject "MyCodeBaseViews" */;
			compatibilityVersion = "Xcode 14.0";
			developmentRegion = en;
			hasScannedForEncodings = 0;
			knownRegions = (
				en,
				Base,
			);
			mainGroup = 05C765E32B0B7E0700FA9483;
			productRefGroup = 05C765ED2B0B7E0700FA9483 /* Products */;
			projectDirPath = "";
			projectRoot = "";
			targets = (
				05C765EB2B0B7E0700FA9483 /* MyCodeBaseViews */,
			);
		};
/* End PBXProject section */

/* Begin PBXResourcesBuildPhase section */
		05C765EA2B0B7E0700FA9483 /* Resources */ = {
			isa = PBXResourcesBuildPhase;
			buildActionMask = 2147483647;
			files = (
				05C765FC2B0B7E0900FA9483 /* LaunchScreen.storyboard in Resources */,
				05C765F92B0B7E0900FA9483 /* Assets.xcassets in Resources */,
			);
			runOnlyForDeploymentPostprocessing = 0;
		};
/* End PBXResourcesBuildPhase section */

/* Begin PBXShellScriptBuildPhase section */
		29C9539286E18F2955C06273 /* [CP] Embed Pods Frameworks */ = {
			isa = PBXShellScriptBuildPhase;
			buildActionMask = 2147483647;
			files = (
			);
			inputFileListPaths = (
				"${PODS_ROOT}/Target Support Files/Pods-MyCodeBaseViews/Pods-MyCodeBaseViews-frameworks-${CONFIGURATION}-input-files.xcfilelist",
			);
			name = "[CP] Embed Pods Frameworks";
			outputFileListPaths = (
				"${PODS_ROOT}/Target Support Files/Pods-MyCodeBaseViews/Pods-MyCodeBaseViews-frameworks-${CONFIGURATION}-output-files.xcfilelist",
			);
			runOnlyForDeploymentPostprocessing = 0;
			shellPath = /bin/sh;
			shellScript = "\"${PODS_ROOT}/Target Support Files/Pods-MyCodeBaseViews/Pods-MyCodeBaseViews-frameworks.sh\"\n";
			showEnvVarsInLog = 0;
		};
		9FEF39CFB3D3561C5FC565A8 /* [CP] Check Pods Manifest.lock */ = {
			isa = PBXShellScriptBuildPhase;
			buildActionMask = 2147483647;
			files = (
			);
			inputFileListPaths = (
			);
			inputPaths = (
				"${PODS_PODFILE_DIR_PATH}/Podfile.lock",
				"${PODS_ROOT}/Manifest.lock",
			);
			name = "[CP] Check Pods Manifest.lock";
			outputFileListPaths = (
			);
			outputPaths = (
				"$(DERIVED_FILE_DIR)/Pods-MyCodeBaseViews-checkManifestLockResult.txt",
			);
			runOnlyForDeploymentPostprocessing = 0;
			shellPath = /bin/sh;
			shellScript = "diff \"${PODS_PODFILE_DIR_PATH}/Podfile.lock\" \"${PODS_ROOT}/Manifest.lock\" > /dev/null\nif [ $? != 0 ] ; then\n    # print error to STDERR\n    echo \"error: The sandbox is not in sync with the Podfile.lock. Run 'pod install' or update your CocoaPods installation.\" >&2\n    exit 1\nfi\n# This output is used by Xcode 'outputs' to avoid re-running this script phase.\necho \"SUCCESS\" > \"${SCRIPT_OUTPUT_FILE_0}\"\n";
			showEnvVarsInLog = 0;
		};
/* End PBXShellScriptBuildPhase section */

/* Begin PBXSourcesBuildPhase section */
		05C765E82B0B7E0700FA9483 /* Sources */ = {
			isa = PBXSourcesBuildPhase;
			buildActionMask = 2147483647;
			files = (
				05C766102B0B824F00FA9483 /* UIViewController+.swift in Sources */,
				05C766152B0B859700FA9483 /* UIStackView+.swift in Sources */,
				0587996F2B0CD3E500281666 /* Menu.swift in Sources */,
				05C766072B0B7E5F00FA9483 /* NSObject+.swift in Sources */,
				058799742B0CD75D00281666 /* UIImageView+.swift in Sources */,
				05C765F42B0B7E0700FA9483 /* MainViewController.swift in Sources */,
				05C766172B0B882600FA9483 /* UIView+.swift in Sources */,
				05C765F02B0B7E0700FA9483 /* AppDelegate.swift in Sources */,
				05C7661C2B0B95FE00FA9483 /* StoryboardInstantiable.swift in Sources */,
				0587996D2B0CD2BD00281666 /* UITableView+.swift in Sources */,
				05C766192B0B954B00FA9483 /* TableViewController.swift in Sources */,
				05C766062B0B7E5F00FA9483 /* UICollectionView+.swift in Sources */,
				05C766132B0B82E900FA9483 /* BaseViewController.swift in Sources */,
				05C765F22B0B7E0700FA9483 /* SceneDelegate.swift in Sources */,
				05C7660D2B0B7E9600FA9483 /* Category.swift in Sources */,
				058799722B0CD47300281666 /* MenuTableViewCell.swift in Sources */,
			);
			runOnlyForDeploymentPostprocessing = 0;
		};
/* End PBXSourcesBuildPhase section */

/* Begin PBXVariantGroup section */
		05C765FA2B0B7E0900FA9483 /* LaunchScreen.storyboard */ = {
			isa = PBXVariantGroup;
			children = (
				05C765FB2B0B7E0900FA9483 /* Base */,
			);
			name = LaunchScreen.storyboard;
			sourceTree = "<group>";
		};
/* End PBXVariantGroup section */

/* Begin XCBuildConfiguration section */
		05C765FE2B0B7E0900FA9483 /* Debug */ = {
			isa = XCBuildConfiguration;
			buildSettings = {
				ALWAYS_SEARCH_USER_PATHS = NO;
				ASSETCATALOG_COMPILER_GENERATE_SWIFT_ASSET_SYMBOL_EXTENSIONS = YES;
				CLANG_ANALYZER_NONNULL = YES;
				CLANG_ANALYZER_NUMBER_OBJECT_CONVERSION = YES_AGGRESSIVE;
				CLANG_CXX_LANGUAGE_STANDARD = "gnu++20";
				CLANG_ENABLE_MODULES = YES;
				CLANG_ENABLE_OBJC_ARC = YES;
				CLANG_ENABLE_OBJC_WEAK = YES;
				CLANG_WARN_BLOCK_CAPTURE_AUTORELEASING = YES;
				CLANG_WARN_BOOL_CONVERSION = YES;
				CLANG_WARN_COMMA = YES;
				CLANG_WARN_CONSTANT_CONVERSION = YES;
				CLANG_WARN_DEPRECATED_OBJC_IMPLEMENTATIONS = YES;
				CLANG_WARN_DIRECT_OBJC_ISA_USAGE = YES_ERROR;
				CLANG_WARN_DOCUMENTATION_COMMENTS = YES;
				CLANG_WARN_EMPTY_BODY = YES;
				CLANG_WARN_ENUM_CONVERSION = YES;
				CLANG_WARN_INFINITE_RECURSION = YES;
				CLANG_WARN_INT_CONVERSION = YES;
				CLANG_WARN_NON_LITERAL_NULL_CONVERSION = YES;
				CLANG_WARN_OBJC_IMPLICIT_RETAIN_SELF = YES;
				CLANG_WARN_OBJC_LITERAL_CONVERSION = YES;
				CLANG_WARN_OBJC_ROOT_CLASS = YES_ERROR;
				CLANG_WARN_QUOTED_INCLUDE_IN_FRAMEWORK_HEADER = YES;
				CLANG_WARN_RANGE_LOOP_ANALYSIS = YES;
				CLANG_WARN_STRICT_PROTOTYPES = YES;
				CLANG_WARN_SUSPICIOUS_MOVE = YES;
				CLANG_WARN_UNGUARDED_AVAILABILITY = YES_AGGRESSIVE;
				CLANG_WARN_UNREACHABLE_CODE = YES;
				CLANG_WARN__DUPLICATE_METHOD_MATCH = YES;
				COPY_PHASE_STRIP = NO;
				DEBUG_INFORMATION_FORMAT = dwarf;
				ENABLE_STRICT_OBJC_MSGSEND = YES;
				ENABLE_TESTABILITY = YES;
				ENABLE_USER_SCRIPT_SANDBOXING = NO;
				GCC_C_LANGUAGE_STANDARD = gnu17;
				GCC_DYNAMIC_NO_PIC = NO;
				GCC_NO_COMMON_BLOCKS = YES;
				GCC_OPTIMIZATION_LEVEL = 0;
				GCC_PREPROCESSOR_DEFINITIONS = (
					"DEBUG=1",
					"$(inherited)",
				);
				GCC_WARN_64_TO_32_BIT_CONVERSION = YES;
				GCC_WARN_ABOUT_RETURN_TYPE = YES_ERROR;
				GCC_WARN_UNDECLARED_SELECTOR = YES;
				GCC_WARN_UNINITIALIZED_AUTOS = YES_AGGRESSIVE;
				GCC_WARN_UNUSED_FUNCTION = YES;
				GCC_WARN_UNUSED_VARIABLE = YES;
				IPHONEOS_DEPLOYMENT_TARGET = 17.0;
				LOCALIZATION_PREFERS_STRING_CATALOGS = YES;
				MTL_ENABLE_DEBUG_INFO = INCLUDE_SOURCE;
				MTL_FAST_MATH = YES;
				ONLY_ACTIVE_ARCH = YES;
				SDKROOT = iphoneos;
				SWIFT_ACTIVE_COMPILATION_CONDITIONS = "DEBUG $(inherited)";
				SWIFT_OPTIMIZATION_LEVEL = "-Onone";
			};
			name = Debug;
		};
		05C765FF2B0B7E0900FA9483 /* Release */ = {
			isa = XCBuildConfiguration;
			buildSettings = {
				ALWAYS_SEARCH_USER_PATHS = NO;
				ASSETCATALOG_COMPILER_GENERATE_SWIFT_ASSET_SYMBOL_EXTENSIONS = YES;
				CLANG_ANALYZER_NONNULL = YES;
				CLANG_ANALYZER_NUMBER_OBJECT_CONVERSION = YES_AGGRESSIVE;
				CLANG_CXX_LANGUAGE_STANDARD = "gnu++20";
				CLANG_ENABLE_MODULES = YES;
				CLANG_ENABLE_OBJC_ARC = YES;
				CLANG_ENABLE_OBJC_WEAK = YES;
				CLANG_WARN_BLOCK_CAPTURE_AUTORELEASING = YES;
				CLANG_WARN_BOOL_CONVERSION = YES;
				CLANG_WARN_COMMA = YES;
				CLANG_WARN_CONSTANT_CONVERSION = YES;
				CLANG_WARN_DEPRECATED_OBJC_IMPLEMENTATIONS = YES;
				CLANG_WARN_DIRECT_OBJC_ISA_USAGE = YES_ERROR;
				CLANG_WARN_DOCUMENTATION_COMMENTS = YES;
				CLANG_WARN_EMPTY_BODY = YES;
				CLANG_WARN_ENUM_CONVERSION = YES;
				CLANG_WARN_INFINITE_RECURSION = YES;
				CLANG_WARN_INT_CONVERSION = YES;
				CLANG_WARN_NON_LITERAL_NULL_CONVERSION = YES;
				CLANG_WARN_OBJC_IMPLICIT_RETAIN_SELF = YES;
				CLANG_WARN_OBJC_LITERAL_CONVERSION = YES;
				CLANG_WARN_OBJC_ROOT_CLASS = YES_ERROR;
				CLANG_WARN_QUOTED_INCLUDE_IN_FRAMEWORK_HEADER = YES;
				CLANG_WARN_RANGE_LOOP_ANALYSIS = YES;
				CLANG_WARN_STRICT_PROTOTYPES = YES;
				CLANG_WARN_SUSPICIOUS_MOVE = YES;
				CLANG_WARN_UNGUARDED_AVAILABILITY = YES_AGGRESSIVE;
				CLANG_WARN_UNREACHABLE_CODE = YES;
				CLANG_WARN__DUPLICATE_METHOD_MATCH = YES;
				COPY_PHASE_STRIP = NO;
				DEBUG_INFORMATION_FORMAT = "dwarf-with-dsym";
				ENABLE_NS_ASSERTIONS = NO;
				ENABLE_STRICT_OBJC_MSGSEND = YES;
				ENABLE_USER_SCRIPT_SANDBOXING = NO;
				GCC_C_LANGUAGE_STANDARD = gnu17;
				GCC_NO_COMMON_BLOCKS = YES;
				GCC_WARN_64_TO_32_BIT_CONVERSION = YES;
				GCC_WARN_ABOUT_RETURN_TYPE = YES_ERROR;
				GCC_WARN_UNDECLARED_SELECTOR = YES;
				GCC_WARN_UNINITIALIZED_AUTOS = YES_AGGRESSIVE;
				GCC_WARN_UNUSED_FUNCTION = YES;
				GCC_WARN_UNUSED_VARIABLE = YES;
				IPHONEOS_DEPLOYMENT_TARGET = 17.0;
				LOCALIZATION_PREFERS_STRING_CATALOGS = YES;
				MTL_ENABLE_DEBUG_INFO = NO;
				MTL_FAST_MATH = YES;
				SDKROOT = iphoneos;
				SWIFT_COMPILATION_MODE = wholemodule;
				VALIDATE_PRODUCT = YES;
			};
			name = Release;
		};
		05C766012B0B7E0900FA9483 /* Debug */ = {
			isa = XCBuildConfiguration;
			baseConfigurationReference = 1FDFA0210CF709C6F9D86419 /* Pods-MyCodeBaseViews.debug.xcconfig */;
			buildSettings = {
				ASSETCATALOG_COMPILER_APPICON_NAME = AppIcon;
				ASSETCATALOG_COMPILER_GLOBAL_ACCENT_COLOR_NAME = AccentColor;
				CODE_SIGN_STYLE = Automatic;
				CURRENT_PROJECT_VERSION = 1;
				DEVELOPMENT_TEAM = L8WFLHVUYX;
				GENERATE_INFOPLIST_FILE = YES;
				INFOPLIST_FILE = MyCodeBaseViews/Info.plist;
				INFOPLIST_KEY_UIApplicationSupportsIndirectInputEvents = YES;
				INFOPLIST_KEY_UILaunchStoryboardName = LaunchScreen;
				INFOPLIST_KEY_UISupportedInterfaceOrientations_iPad = "UIInterfaceOrientationPortrait UIInterfaceOrientationPortraitUpsideDown UIInterfaceOrientationLandscapeLeft UIInterfaceOrientationLandscapeRight";
				INFOPLIST_KEY_UISupportedInterfaceOrientations_iPhone = "UIInterfaceOrientationPortrait UIInterfaceOrientationLandscapeLeft UIInterfaceOrientationLandscapeRight";
				IPHONEOS_DEPLOYMENT_TARGET = 16.0;
				LD_RUNPATH_SEARCH_PATHS = (
					"$(inherited)",
					"@executable_path/Frameworks",
				);
				MARKETING_VERSION = 1.0;
				PRODUCT_BUNDLE_IDENTIFIER = com.example.MyCodeBaseViews;
				PRODUCT_NAME = "$(TARGET_NAME)";
				SWIFT_EMIT_LOC_STRINGS = YES;
				SWIFT_VERSION = 5.0;
				TARGETED_DEVICE_FAMILY = "1,2";
			};
			name = Debug;
		};
		05C766022B0B7E0900FA9483 /* Release */ = {
			isa = XCBuildConfiguration;
			baseConfigurationReference = 512BC09C7A7FF8855EDEA263 /* Pods-MyCodeBaseViews.release.xcconfig */;
			buildSettings = {
				ASSETCATALOG_COMPILER_APPICON_NAME = AppIcon;
				ASSETCATALOG_COMPILER_GLOBAL_ACCENT_COLOR_NAME = AccentColor;
				CODE_SIGN_STYLE = Automatic;
				CURRENT_PROJECT_VERSION = 1;
				DEVELOPMENT_TEAM = L8WFLHVUYX;
				GENERATE_INFOPLIST_FILE = YES;
				INFOPLIST_FILE = MyCodeBaseViews/Info.plist;
				INFOPLIST_KEY_UIApplicationSupportsIndirectInputEvents = YES;
				INFOPLIST_KEY_UILaunchStoryboardName = LaunchScreen;
				INFOPLIST_KEY_UISupportedInterfaceOrientations_iPad = "UIInterfaceOrientationPortrait UIInterfaceOrientationPortraitUpsideDown UIInterfaceOrientationLandscapeLeft UIInterfaceOrientationLandscapeRight";
				INFOPLIST_KEY_UISupportedInterfaceOrientations_iPhone = "UIInterfaceOrientationPortrait UIInterfaceOrientationLandscapeLeft UIInterfaceOrientationLandscapeRight";
				IPHONEOS_DEPLOYMENT_TARGET = 16.0;
				LD_RUNPATH_SEARCH_PATHS = (
					"$(inherited)",
					"@executable_path/Frameworks",
				);
				MARKETING_VERSION = 1.0;
				PRODUCT_BUNDLE_IDENTIFIER = com.example.MyCodeBaseViews;
				PRODUCT_NAME = "$(TARGET_NAME)";
				SWIFT_EMIT_LOC_STRINGS = YES;
				SWIFT_VERSION = 5.0;
				TARGETED_DEVICE_FAMILY = "1,2";
			};
			name = Release;
		};
/* End XCBuildConfiguration section */

/* Begin XCConfigurationList section */
		05C765E72B0B7E0700FA9483 /* Build configuration list for PBXProject "MyCodeBaseViews" */ = {
			isa = XCConfigurationList;
			buildConfigurations = (
				05C765FE2B0B7E0900FA9483 /* Debug */,
				05C765FF2B0B7E0900FA9483 /* Release */,
			);
			defaultConfigurationIsVisible = 0;
			defaultConfigurationName = Release;
		};
		05C766002B0B7E0900FA9483 /* Build configuration list for PBXNativeTarget "MyCodeBaseViews" */ = {
			isa = XCConfigurationList;
			buildConfigurations = (
				05C766012B0B7E0900FA9483 /* Debug */,
				05C766022B0B7E0900FA9483 /* Release */,
			);
			defaultConfigurationIsVisible = 0;
			defaultConfigurationName = Release;
		};
/* End XCConfigurationList section */
	};
	rootObject = 05C765E42B0B7E0700FA9483 /* Project object */;
}
