// !$*UTF8*$!
{
	archiveVersion = 1;
	classes = {
	};
	objectVersion = 56;
	objects = {

/* Begin PBXBuildFile section */
		60653DC72BBAFD9300D957A7 /* GoogleSignIn in Frameworks */ = {isa = PBXBuildFile; productRef = 60653DC62BBAFD9300D957A7 /* GoogleSignIn */; };
		60653DC92BBAFD9300D957A7 /* GoogleSignInSwift in Frameworks */ = {isa = PBXBuildFile; productRef = 60653DC82BBAFD9300D957A7 /* GoogleSignInSwift */; };
		60D8B3B42BBAC9AA00EAFA4A /* AppDelegate.swift in Sources */ = {isa = PBXBuildFile; fileRef = 60D8B3B32BBAC9AA00EAFA4A /* AppDelegate.swift */; };
		60D8B3B62BBAC9AA00EAFA4A /* SceneDelegate.swift in Sources */ = {isa = PBXBuildFile; fileRef = 60D8B3B52BBAC9AA00EAFA4A /* SceneDelegate.swift */; };
		60D8B3B82BBAC9AA00EAFA4A /* ViewController.swift in Sources */ = {isa = PBXBuildFile; fileRef = 60D8B3B72BBAC9AA00EAFA4A /* ViewController.swift */; };
		60D8B3BB2BBAC9AA00EAFA4A /* Base in Resources */ = {isa = PBXBuildFile; fileRef = 60D8B3BA2BBAC9AA00EAFA4A /* Base */; };
		60D8B3BD2BBAC9AB00EAFA4A /* Assets.xcassets in Resources */ = {isa = PBXBuildFile; fileRef = 60D8B3BC2BBAC9AB00EAFA4A /* Assets.xcassets */; };
		60D8B3C02BBAC9AB00EAFA4A /* Base in Resources */ = {isa = PBXBuildFile; fileRef = 60D8B3BF2BBAC9AB00EAFA4A /* Base */; };
		60D8B3C92BBAD52E00EAFA4A /* SnapKit in Frameworks */ = {isa = PBXBuildFile; productRef = 60D8B3C82BBAD52E00EAFA4A /* SnapKit */; };
		60D8B3CB2BBAD52E00EAFA4A /* SnapKit-Dynamic in Frameworks */ = {isa = PBXBuildFile; productRef = 60D8B3CA2BBAD52E00EAFA4A /* SnapKit-Dynamic */; };
		60D8B3CE2BBAD54300EAFA4A /* Then in Frameworks */ = {isa = PBXBuildFile; productRef = 60D8B3CD2BBAD54300EAFA4A /* Then */; };
		60D8B3D12BBAD5B700EAFA4A /* SkeletonView in Frameworks */ = {isa = PBXBuildFile; productRef = 60D8B3D02BBAD5B700EAFA4A /* SkeletonView */; };
/* End PBXBuildFile section */

/* Begin PBXFileReference section */
		60D8B3B02BBAC9AA00EAFA4A /* MySwiftPackageManager.app */ = {isa = PBXFileReference; explicitFileType = wrapper.application; includeInIndex = 0; path = MySwiftPackageManager.app; sourceTree = BUILT_PRODUCTS_DIR; };
		60D8B3B32BBAC9AA00EAFA4A /* AppDelegate.swift */ = {isa = PBXFileReference; lastKnownFileType = sourcecode.swift; path = AppDelegate.swift; sourceTree = "<group>"; };
		60D8B3B52BBAC9AA00EAFA4A /* SceneDelegate.swift */ = {isa = PBXFileReference; lastKnownFileType = sourcecode.swift; path = SceneDelegate.swift; sourceTree = "<group>"; };
		60D8B3B72BBAC9AA00EAFA4A /* ViewController.swift */ = {isa = PBXFileReference; lastKnownFileType = sourcecode.swift; path = ViewController.swift; sourceTree = "<group>"; };
		60D8B3BA2BBAC9AA00EAFA4A /* Base */ = {isa = PBXFileReference; lastKnownFileType = file.storyboard; name = Base; path = Base.lproj/Main.storyboard; sourceTree = "<group>"; };
		60D8B3BC2BBAC9AB00EAFA4A /* Assets.xcassets */ = {isa = PBXFileReference; lastKnownFileType = folder.assetcatalog; path = Assets.xcassets; sourceTree = "<group>"; };
		60D8B3BF2BBAC9AB00EAFA4A /* Base */ = {isa = PBXFileReference; lastKnownFileType = file.storyboard; name = Base; path = Base.lproj/LaunchScreen.storyboard; sourceTree = "<group>"; };
		60D8B3C12BBAC9AB00EAFA4A /* Info.plist */ = {isa = PBXFileReference; lastKnownFileType = text.plist.xml; path = Info.plist; sourceTree = "<group>"; };
/* End PBXFileReference section */

/* Begin PBXFrameworksBuildPhase section */
		60D8B3AD2BBAC9AA00EAFA4A /* Frameworks */ = {
			isa = PBXFrameworksBuildPhase;
			buildActionMask = 2147483647;
			files = (
				60653DC72BBAFD9300D957A7 /* GoogleSignIn in Frameworks */,
				60D8B3D12BBAD5B700EAFA4A /* SkeletonView in Frameworks */,
				60D8B3C92BBAD52E00EAFA4A /* SnapKit in Frameworks */,
				60653DC92BBAFD9300D957A7 /* GoogleSignInSwift in Frameworks */,
				60D8B3CE2BBAD54300EAFA4A /* Then in Frameworks */,
				60D8B3CB2BBAD52E00EAFA4A /* SnapKit-Dynamic in Frameworks */,
			);
			runOnlyForDeploymentPostprocessing = 0;
		};
/* End PBXFrameworksBuildPhase section */

/* Begin PBXGroup section */
		60D8B3A72BBAC9AA00EAFA4A = {
			isa = PBXGroup;
			children = (
				60D8B3B22BBAC9AA00EAFA4A /* MySwiftPackageManager */,
				60D8B3B12BBAC9AA00EAFA4A /* Products */,
			);
			sourceTree = "<group>";
		};
		60D8B3B12BBAC9AA00EAFA4A /* Products */ = {
			isa = PBXGroup;
			children = (
				60D8B3B02BBAC9AA00EAFA4A /* MySwiftPackageManager.app */,
			);
			name = Products;
			sourceTree = "<group>";
		};
		60D8B3B22BBAC9AA00EAFA4A /* MySwiftPackageManager */ = {
			isa = PBXGroup;
			children = (
				60D8B3B32BBAC9AA00EAFA4A /* AppDelegate.swift */,
				60D8B3B52BBAC9AA00EAFA4A /* SceneDelegate.swift */,
				60D8B3B72BBAC9AA00EAFA4A /* ViewController.swift */,
				60D8B3B92BBAC9AA00EAFA4A /* Main.storyboard */,
				60D8B3BC2BBAC9AB00EAFA4A /* Assets.xcassets */,
				60D8B3BE2BBAC9AB00EAFA4A /* LaunchScreen.storyboard */,
				60D8B3C12BBAC9AB00EAFA4A /* Info.plist */,
			);
			path = MySwiftPackageManager;
			sourceTree = "<group>";
		};
/* End PBXGroup section */

/* Begin PBXNativeTarget section */
		60D8B3AF2BBAC9AA00EAFA4A /* MySwiftPackageManager */ = {
			isa = PBXNativeTarget;
			buildConfigurationList = 60D8B3C42BBAC9AB00EAFA4A /* Build configuration list for PBXNativeTarget "MySwiftPackageManager" */;
			buildPhases = (
				60D8B3AC2BBAC9AA00EAFA4A /* Sources */,
				60D8B3AD2BBAC9AA00EAFA4A /* Frameworks */,
				60D8B3AE2BBAC9AA00EAFA4A /* Resources */,
			);
			buildRules = (
			);
			dependencies = (
			);
			name = MySwiftPackageManager;
			packageProductDependencies = (
				60D8B3C82BBAD52E00EAFA4A /* SnapKit */,
				60D8B3CA2BBAD52E00EAFA4A /* SnapKit-Dynamic */,
				60D8B3CD2BBAD54300EAFA4A /* Then */,
				60D8B3D02BBAD5B700EAFA4A /* SkeletonView */,
				60653DC62BBAFD9300D957A7 /* GoogleSignIn */,
				60653DC82BBAFD9300D957A7 /* GoogleSignInSwift */,
			);
			productName = MySwiftPackageManager;
			productReference = 60D8B3B02BBAC9AA00EAFA4A /* MySwiftPackageManager.app */;
			productType = "com.apple.product-type.application";
		};
/* End PBXNativeTarget section */

/* Begin PBXProject section */
		60D8B3A82BBAC9AA00EAFA4A /* Project object */ = {
			isa = PBXProject;
			attributes = {
				BuildIndependentTargetsInParallel = 1;
				LastSwiftUpdateCheck = 1530;
				LastUpgradeCheck = 1530;
				TargetAttributes = {
					60D8B3AF2BBAC9AA00EAFA4A = {
						CreatedOnToolsVersion = 15.3;
					};
				};
			};
			buildConfigurationList = 60D8B3AB2BBAC9AA00EAFA4A /* Build configuration list for PBXProject "MySwiftPackageManager" */;
			compatibilityVersion = "Xcode 14.0";
			developmentRegion = en;
			hasScannedForEncodings = 0;
			knownRegions = (
				en,
				Base,
			);
			mainGroup = 60D8B3A72BBAC9AA00EAFA4A;
			packageReferences = (
				60D8B3C72BBAD52E00EAFA4A /* XCRemoteSwiftPackageReference "SnapKit" */,
				60D8B3CC2BBAD54300EAFA4A /* XCRemoteSwiftPackageReference "Then" */,
				60D8B3CF2BBAD5B700EAFA4A /* XCRemoteSwiftPackageReference "SkeletonView" */,
				60653DC52BBAFD9300D957A7 /* XCRemoteSwiftPackageReference "GoogleSignIn-iOS" */,
			);
			productRefGroup = 60D8B3B12BBAC9AA00EAFA4A /* Products */;
			projectDirPath = "";
			projectRoot = "";
			targets = (
				60D8B3AF2BBAC9AA00EAFA4A /* MySwiftPackageManager */,
			);
		};
/* End PBXProject section */

/* Begin PBXResourcesBuildPhase section */
		60D8B3AE2BBAC9AA00EAFA4A /* Resources */ = {
			isa = PBXResourcesBuildPhase;
			buildActionMask = 2147483647;
			files = (
				60D8B3BD2BBAC9AB00EAFA4A /* Assets.xcassets in Resources */,
				60D8B3C02BBAC9AB00EAFA4A /* Base in Resources */,
				60D8B3BB2BBAC9AA00EAFA4A /* Base in Resources */,
			);
			runOnlyForDeploymentPostprocessing = 0;
		};
/* End PBXResourcesBuildPhase section */

/* Begin PBXSourcesBuildPhase section */
		60D8B3AC2BBAC9AA00EAFA4A /* Sources */ = {
			isa = PBXSourcesBuildPhase;
			buildActionMask = 2147483647;
			files = (
				60D8B3B82BBAC9AA00EAFA4A /* ViewController.swift in Sources */,
				60D8B3B42BBAC9AA00EAFA4A /* AppDelegate.swift in Sources */,
				60D8B3B62BBAC9AA00EAFA4A /* SceneDelegate.swift in Sources */,
			);
			runOnlyForDeploymentPostprocessing = 0;
		};
/* End PBXSourcesBuildPhase section */

/* Begin PBXVariantGroup section */
		60D8B3B92BBAC9AA00EAFA4A /* Main.storyboard */ = {
			isa = PBXVariantGroup;
			children = (
				60D8B3BA2BBAC9AA00EAFA4A /* Base */,
			);
			name = Main.storyboard;
			sourceTree = "<group>";
		};
		60D8B3BE2BBAC9AB00EAFA4A /* LaunchScreen.storyboard */ = {
			isa = PBXVariantGroup;
			children = (
				60D8B3BF2BBAC9AB00EAFA4A /* Base */,
			);
			name = LaunchScreen.storyboard;
			sourceTree = "<group>";
		};
/* End PBXVariantGroup section */

/* Begin XCBuildConfiguration section */
		60D8B3C22BBAC9AB00EAFA4A /* Debug */ = {
			isa = XCBuildConfiguration;
			buildSettings = {
				ALWAYS_SEARCH_USER_PATHS = NO;
				ASSETCATALOG_COMPILER_GENERATE_SWIFT_ASSET_SYMBOL_EXTENSIONS = YES;
				CLANG_ANALYZER_NONNULL = YES;
				CLANG_ANALYZER_NUMBER_OBJECT_CONVERSION = YES_AGGRESSIVE;
				CLANG_CXX_LANGUAGE_STANDARD = "gnu++20";
				CLANG_ENABLE_MODULES = YES;
				CLANG_ENABLE_OBJC_ARC = YES;
				CLANG_ENABLE_OBJC_WEAK = YES;
				CLANG_WARN_BLOCK_CAPTURE_AUTORELEASING = YES;
				CLANG_WARN_BOOL_CONVERSION = YES;
				CLANG_WARN_COMMA = YES;
				CLANG_WARN_CONSTANT_CONVERSION = YES;
				CLANG_WARN_DEPRECATED_OBJC_IMPLEMENTATIONS = YES;
				CLANG_WARN_DIRECT_OBJC_ISA_USAGE = YES_ERROR;
				CLANG_WARN_DOCUMENTATION_COMMENTS = YES;
				CLANG_WARN_EMPTY_BODY = YES;
				CLANG_WARN_ENUM_CONVERSION = YES;
				CLANG_WARN_INFINITE_RECURSION = YES;
				CLANG_WARN_INT_CONVERSION = YES;
				CLANG_WARN_NON_LITERAL_NULL_CONVERSION = YES;
				CLANG_WARN_OBJC_IMPLICIT_RETAIN_SELF = YES;
				CLANG_WARN_OBJC_LITERAL_CONVERSION = YES;
				CLANG_WARN_OBJC_ROOT_CLASS = YES_ERROR;
				CLANG_WARN_QUOTED_INCLUDE_IN_FRAMEWORK_HEADER = YES;
				CLANG_WARN_RANGE_LOOP_ANALYSIS = YES;
				CLANG_WARN_STRICT_PROTOTYPES = YES;
				CLANG_WARN_SUSPICIOUS_MOVE = YES;
				CLANG_WARN_UNGUARDED_AVAILABILITY = YES_AGGRESSIVE;
				CLANG_WARN_UNREACHABLE_CODE = YES;
				CLANG_WARN__DUPLICATE_METHOD_MATCH = YES;
				COPY_PHASE_STRIP = NO;
				DEBUG_INFORMATION_FORMAT = dwarf;
				ENABLE_STRICT_OBJC_MSGSEND = YES;
				ENABLE_TESTABILITY = YES;
				ENABLE_USER_SCRIPT_SANDBOXING = YES;
				GCC_C_LANGUAGE_STANDARD = gnu17;
				GCC_DYNAMIC_NO_PIC = NO;
				GCC_NO_COMMON_BLOCKS = YES;
				GCC_OPTIMIZATION_LEVEL = 0;
				GCC_PREPROCESSOR_DEFINITIONS = (
					"DEBUG=1",
					"$(inherited)",
				);
				GCC_WARN_64_TO_32_BIT_CONVERSION = YES;
				GCC_WARN_ABOUT_RETURN_TYPE = YES_ERROR;
				GCC_WARN_UNDECLARED_SELECTOR = YES;
				GCC_WARN_UNINITIALIZED_AUTOS = YES_AGGRESSIVE;
				GCC_WARN_UNUSED_FUNCTION = YES;
				GCC_WARN_UNUSED_VARIABLE = YES;
				IPHONEOS_DEPLOYMENT_TARGET = 17.4;
				LOCALIZATION_PREFERS_STRING_CATALOGS = YES;
				MTL_ENABLE_DEBUG_INFO = INCLUDE_SOURCE;
				MTL_FAST_MATH = YES;
				ONLY_ACTIVE_ARCH = YES;
				SDKROOT = iphoneos;
				SWIFT_ACTIVE_COMPILATION_CONDITIONS = "DEBUG $(inherited)";
				SWIFT_OPTIMIZATION_LEVEL = "-Onone";
			};
			name = Debug;
		};
		60D8B3C32BBAC9AB00EAFA4A /* Release */ = {
			isa = XCBuildConfiguration;
			buildSettings = {
				ALWAYS_SEARCH_USER_PATHS = NO;
				ASSETCATALOG_COMPILER_GENERATE_SWIFT_ASSET_SYMBOL_EXTENSIONS = YES;
				CLANG_ANALYZER_NONNULL = YES;
				CLANG_ANALYZER_NUMBER_OBJECT_CONVERSION = YES_AGGRESSIVE;
				CLANG_CXX_LANGUAGE_STANDARD = "gnu++20";
				CLANG_ENABLE_MODULES = YES;
				CLANG_ENABLE_OBJC_ARC = YES;
				CLANG_ENABLE_OBJC_WEAK = YES;
				CLANG_WARN_BLOCK_CAPTURE_AUTORELEASING = YES;
				CLANG_WARN_BOOL_CONVERSION = YES;
				CLANG_WARN_COMMA = YES;
				CLANG_WARN_CONSTANT_CONVERSION = YES;
				CLANG_WARN_DEPRECATED_OBJC_IMPLEMENTATIONS = YES;
				CLANG_WARN_DIRECT_OBJC_ISA_USAGE = YES_ERROR;
				CLANG_WARN_DOCUMENTATION_COMMENTS = YES;
				CLANG_WARN_EMPTY_BODY = YES;
				CLANG_WARN_ENUM_CONVERSION = YES;
				CLANG_WARN_INFINITE_RECURSION = YES;
				CLANG_WARN_INT_CONVERSION = YES;
				CLANG_WARN_NON_LITERAL_NULL_CONVERSION = YES;
				CLANG_WARN_OBJC_IMPLICIT_RETAIN_SELF = YES;
				CLANG_WARN_OBJC_LITERAL_CONVERSION = YES;
				CLANG_WARN_OBJC_ROOT_CLASS = YES_ERROR;
				CLANG_WARN_QUOTED_INCLUDE_IN_FRAMEWORK_HEADER = YES;
				CLANG_WARN_RANGE_LOOP_ANALYSIS = YES;
				CLANG_WARN_STRICT_PROTOTYPES = YES;
				CLANG_WARN_SUSPICIOUS_MOVE = YES;
				CLANG_WARN_UNGUARDED_AVAILABILITY = YES_AGGRESSIVE;
				CLANG_WARN_UNREACHABLE_CODE = YES;
				CLANG_WARN__DUPLICATE_METHOD_MATCH = YES;
				COPY_PHASE_STRIP = NO;
				DEBUG_INFORMATION_FORMAT = "dwarf-with-dsym";
				ENABLE_NS_ASSERTIONS = NO;
				ENABLE_STRICT_OBJC_MSGSEND = YES;
				ENABLE_USER_SCRIPT_SANDBOXING = YES;
				GCC_C_LANGUAGE_STANDARD = gnu17;
				GCC_NO_COMMON_BLOCKS = YES;
				GCC_WARN_64_TO_32_BIT_CONVERSION = YES;
				GCC_WARN_ABOUT_RETURN_TYPE = YES_ERROR;
				GCC_WARN_UNDECLARED_SELECTOR = YES;
				GCC_WARN_UNINITIALIZED_AUTOS = YES_AGGRESSIVE;
				GCC_WARN_UNUSED_FUNCTION = YES;
				GCC_WARN_UNUSED_VARIABLE = YES;
				IPHONEOS_DEPLOYMENT_TARGET = 17.4;
				LOCALIZATION_PREFERS_STRING_CATALOGS = YES;
				MTL_ENABLE_DEBUG_INFO = NO;
				MTL_FAST_MATH = YES;
				SDKROOT = iphoneos;
				SWIFT_COMPILATION_MODE = wholemodule;
				VALIDATE_PRODUCT = YES;
			};
			name = Release;
		};
		60D8B3C52BBAC9AB00EAFA4A /* Debug */ = {
			isa = XCBuildConfiguration;
			buildSettings = {
				ASSETCATALOG_COMPILER_APPICON_NAME = AppIcon;
				ASSETCATALOG_COMPILER_GLOBAL_ACCENT_COLOR_NAME = AccentColor;
				CODE_SIGN_STYLE = Automatic;
				CURRENT_PROJECT_VERSION = 1;
				DEVELOPMENT_TEAM = L8WFLHVUYX;
				GENERATE_INFOPLIST_FILE = YES;
				INFOPLIST_FILE = MySwiftPackageManager/Info.plist;
				INFOPLIST_KEY_UIApplicationSupportsIndirectInputEvents = YES;
				INFOPLIST_KEY_UILaunchStoryboardName = LaunchScreen;
				INFOPLIST_KEY_UIMainStoryboardFile = Main;
				INFOPLIST_KEY_UISupportedInterfaceOrientations_iPad = "UIInterfaceOrientationPortrait UIInterfaceOrientationPortraitUpsideDown UIInterfaceOrientationLandscapeLeft UIInterfaceOrientationLandscapeRight";
				INFOPLIST_KEY_UISupportedInterfaceOrientations_iPhone = "UIInterfaceOrientationPortrait UIInterfaceOrientationLandscapeLeft UIInterfaceOrientationLandscapeRight";
				IPHONEOS_DEPLOYMENT_TARGET = 16.0;
				LD_RUNPATH_SEARCH_PATHS = (
					"$(inherited)",
					"@executable_path/Frameworks",
				);
				MARKETING_VERSION = 1.0;
				PRODUCT_BUNDLE_IDENTIFIER = com.example.MySwiftPackageManager;
				PRODUCT_NAME = "$(TARGET_NAME)";
				SWIFT_EMIT_LOC_STRINGS = YES;
				SWIFT_VERSION = 5.0;
				TARGETED_DEVICE_FAMILY = "1,2";
			};
			name = Debug;
		};
		60D8B3C62BBAC9AB00EAFA4A /* Release */ = {
			isa = XCBuildConfiguration;
			buildSettings = {
				ASSETCATALOG_COMPILER_APPICON_NAME = AppIcon;
				ASSETCATALOG_COMPILER_GLOBAL_ACCENT_COLOR_NAME = AccentColor;
				CODE_SIGN_STYLE = Automatic;
				CURRENT_PROJECT_VERSION = 1;
				DEVELOPMENT_TEAM = L8WFLHVUYX;
				GENERATE_INFOPLIST_FILE = YES;
				INFOPLIST_FILE = MySwiftPackageManager/Info.plist;
				INFOPLIST_KEY_UIApplicationSupportsIndirectInputEvents = YES;
				INFOPLIST_KEY_UILaunchStoryboardName = LaunchScreen;
				INFOPLIST_KEY_UIMainStoryboardFile = Main;
				INFOPLIST_KEY_UISupportedInterfaceOrientations_iPad = "UIInterfaceOrientationPortrait UIInterfaceOrientationPortraitUpsideDown UIInterfaceOrientationLandscapeLeft UIInterfaceOrientationLandscapeRight";
				INFOPLIST_KEY_UISupportedInterfaceOrientations_iPhone = "UIInterfaceOrientationPortrait UIInterfaceOrientationLandscapeLeft UIInterfaceOrientationLandscapeRight";
				IPHONEOS_DEPLOYMENT_TARGET = 16.0;
				LD_RUNPATH_SEARCH_PATHS = (
					"$(inherited)",
					"@executable_path/Frameworks",
				);
				MARKETING_VERSION = 1.0;
				PRODUCT_BUNDLE_IDENTIFIER = com.example.MySwiftPackageManager;
				PRODUCT_NAME = "$(TARGET_NAME)";
				SWIFT_EMIT_LOC_STRINGS = YES;
				SWIFT_VERSION = 5.0;
				TARGETED_DEVICE_FAMILY = "1,2";
			};
			name = Release;
		};
/* End XCBuildConfiguration section */

/* Begin XCConfigurationList section */
		60D8B3AB2BBAC9AA00EAFA4A /* Build configuration list for PBXProject "MySwiftPackageManager" */ = {
			isa = XCConfigurationList;
			buildConfigurations = (
				60D8B3C22BBAC9AB00EAFA4A /* Debug */,
				60D8B3C32BBAC9AB00EAFA4A /* Release */,
			);
			defaultConfigurationIsVisible = 0;
			defaultConfigurationName = Release;
		};
		60D8B3C42BBAC9AB00EAFA4A /* Build configuration list for PBXNativeTarget "MySwiftPackageManager" */ = {
			isa = XCConfigurationList;
			buildConfigurations = (
				60D8B3C52BBAC9AB00EAFA4A /* Debug */,
				60D8B3C62BBAC9AB00EAFA4A /* Release */,
			);
			defaultConfigurationIsVisible = 0;
			defaultConfigurationName = Release;
		};
/* End XCConfigurationList section */

/* Begin XCRemoteSwiftPackageReference section */
		60653DC52BBAFD9300D957A7 /* XCRemoteSwiftPackageReference "GoogleSignIn-iOS" */ = {
			isa = XCRemoteSwiftPackageReference;
			repositoryURL = "https://github.com/google/GoogleSignIn-iOS";
			requirement = {
				kind = upToNextMajorVersion;
				minimumVersion = 7.1.0;
			};
		};
		60D8B3C72BBAD52E00EAFA4A /* XCRemoteSwiftPackageReference "SnapKit" */ = {
			isa = XCRemoteSwiftPackageReference;
			repositoryURL = "https://github.com/SnapKit/SnapKit";
			requirement = {
				kind = upToNextMajorVersion;
				minimumVersion = 5.7.1;
			};
		};
		60D8B3CC2BBAD54300EAFA4A /* XCRemoteSwiftPackageReference "Then" */ = {
			isa = XCRemoteSwiftPackageReference;
			repositoryURL = "https://github.com/devxoul/Then";
			requirement = {
				kind = upToNextMajorVersion;
				minimumVersion = 3.0.0;
			};
		};
		60D8B3CF2BBAD5B700EAFA4A /* XCRemoteSwiftPackageReference "SkeletonView" */ = {
			isa = XCRemoteSwiftPackageReference;
			repositoryURL = "https://github.com/Juanpe/SkeletonView";
			requirement = {
				kind = upToNextMajorVersion;
				minimumVersion = 1.30.4;
			};
		};
/* End XCRemoteSwiftPackageReference section */

/* Begin XCSwiftPackageProductDependency section */
		60653DC62BBAFD9300D957A7 /* GoogleSignIn */ = {
			isa = XCSwiftPackageProductDependency;
			package = 60653DC52BBAFD9300D957A7 /* XCRemoteSwiftPackageReference "GoogleSignIn-iOS" */;
			productName = GoogleSignIn;
		};
		60653DC82BBAFD9300D957A7 /* GoogleSignInSwift */ = {
			isa = XCSwiftPackageProductDependency;
			package = 60653DC52BBAFD9300D957A7 /* XCRemoteSwiftPackageReference "GoogleSignIn-iOS" */;
			productName = GoogleSignInSwift;
		};
		60D8B3C82BBAD52E00EAFA4A /* SnapKit */ = {
			isa = XCSwiftPackageProductDependency;
			package = 60D8B3C72BBAD52E00EAFA4A /* XCRemoteSwiftPackageReference "SnapKit" */;
			productName = SnapKit;
		};
		60D8B3CA2BBAD52E00EAFA4A /* SnapKit-Dynamic */ = {
			isa = XCSwiftPackageProductDependency;
			package = 60D8B3C72BBAD52E00EAFA4A /* XCRemoteSwiftPackageReference "SnapKit" */;
			productName = "SnapKit-Dynamic";
		};
		60D8B3CD2BBAD54300EAFA4A /* Then */ = {
			isa = XCSwiftPackageProductDependency;
			package = 60D8B3CC2BBAD54300EAFA4A /* XCRemoteSwiftPackageReference "Then" */;
			productName = Then;
		};
		60D8B3D02BBAD5B700EAFA4A /* SkeletonView */ = {
			isa = XCSwiftPackageProductDependency;
			package = 60D8B3CF2BBAD5B700EAFA4A /* XCRemoteSwiftPackageReference "SkeletonView" */;
			productName = SkeletonView;
		};
/* End XCSwiftPackageProductDependency section */
	};
	rootObject = 60D8B3A82BBAC9AA00EAFA4A /* Project object */;
}
