// !$*UTF8*$!
{
	archiveVersion = 1;
	classes = {
	};
	objectVersion = 55;
	objects = {

/* Begin PBXBuildFile section */
		05B2D24028EDB0D800779418 /* AppDelegate.swift in Sources */ = {isa = PBXBuildFile; fileRef = 05B2D23F28EDB0D800779418 /* AppDelegate.swift */; };
		05B2D24228EDB0D800779418 /* SceneDelegate.swift in Sources */ = {isa = PBXBuildFile; fileRef = 05B2D24128EDB0D800779418 /* SceneDelegate.swift */; };
		05B2D24428EDB0D800779418 /* ViewController.swift in Sources */ = {isa = PBXBuildFile; fileRef = 05B2D24328EDB0D800779418 /* ViewController.swift */; };
		05B2D24728EDB0D800779418 /* Main.storyboard in Resources */ = {isa = PBXBuildFile; fileRef = 05B2D24528EDB0D800779418 /* Main.storyboard */; };
		05B2D24928EDB0DA00779418 /* Assets.xcassets in Resources */ = {isa = PBXBuildFile; fileRef = 05B2D24828EDB0DA00779418 /* Assets.xcassets */; };
		05B2D24C28EDB0DA00779418 /* LaunchScreen.storyboard in Resources */ = {isa = PBXBuildFile; fileRef = 05B2D24A28EDB0DA00779418 /* LaunchScreen.storyboard */; };
		05B2D25428EDB0FD00779418 /* SpeechBubble.swift in Sources */ = {isa = PBXBuildFile; fileRef = 05B2D25328EDB0FD00779418 /* SpeechBubble.swift */; };
		6102E77E0CC60C4180C9B54A /* Pods_MySpeechBubble.framework in Frameworks */ = {isa = PBXBuildFile; fileRef = 3007EF182C84B1A4341E1002 /* Pods_MySpeechBubble.framework */; };
/* End PBXBuildFile section */

/* Begin PBXFileReference section */
		05B2D23C28EDB0D800779418 /* MySpeechBubble.app */ = {isa = PBXFileReference; explicitFileType = wrapper.application; includeInIndex = 0; path = MySpeechBubble.app; sourceTree = BUILT_PRODUCTS_DIR; };
		05B2D23F28EDB0D800779418 /* AppDelegate.swift */ = {isa = PBXFileReference; lastKnownFileType = sourcecode.swift; path = AppDelegate.swift; sourceTree = "<group>"; };
		05B2D24128EDB0D800779418 /* SceneDelegate.swift */ = {isa = PBXFileReference; lastKnownFileType = sourcecode.swift; path = SceneDelegate.swift; sourceTree = "<group>"; };
		05B2D24328EDB0D800779418 /* ViewController.swift */ = {isa = PBXFileReference; lastKnownFileType = sourcecode.swift; path = ViewController.swift; sourceTree = "<group>"; };
		05B2D24628EDB0D800779418 /* Base */ = {isa = PBXFileReference; lastKnownFileType = file.storyboard; name = Base; path = Base.lproj/Main.storyboard; sourceTree = "<group>"; };
		05B2D24828EDB0DA00779418 /* Assets.xcassets */ = {isa = PBXFileReference; lastKnownFileType = folder.assetcatalog; path = Assets.xcassets; sourceTree = "<group>"; };
		05B2D24B28EDB0DA00779418 /* Base */ = {isa = PBXFileReference; lastKnownFileType = file.storyboard; name = Base; path = Base.lproj/LaunchScreen.storyboard; sourceTree = "<group>"; };
		05B2D24D28EDB0DA00779418 /* Info.plist */ = {isa = PBXFileReference; lastKnownFileType = text.plist.xml; path = Info.plist; sourceTree = "<group>"; };
		05B2D25328EDB0FD00779418 /* SpeechBubble.swift */ = {isa = PBXFileReference; lastKnownFileType = sourcecode.swift; path = SpeechBubble.swift; sourceTree = "<group>"; };
		3007EF182C84B1A4341E1002 /* Pods_MySpeechBubble.framework */ = {isa = PBXFileReference; explicitFileType = wrapper.framework; includeInIndex = 0; path = Pods_MySpeechBubble.framework; sourceTree = BUILT_PRODUCTS_DIR; };
		9F5C21977EAF49CA863C3BB0 /* Pods-MySpeechBubble.release.xcconfig */ = {isa = PBXFileReference; includeInIndex = 1; lastKnownFileType = text.xcconfig; name = "Pods-MySpeechBubble.release.xcconfig"; path = "Target Support Files/Pods-MySpeechBubble/Pods-MySpeechBubble.release.xcconfig"; sourceTree = "<group>"; };
		C8D1C1F2C44A53C85C2E72C9 /* Pods-MySpeechBubble.debug.xcconfig */ = {isa = PBXFileReference; includeInIndex = 1; lastKnownFileType = text.xcconfig; name = "Pods-MySpeechBubble.debug.xcconfig"; path = "Target Support Files/Pods-MySpeechBubble/Pods-MySpeechBubble.debug.xcconfig"; sourceTree = "<group>"; };
/* End PBXFileReference section */

/* Begin PBXFrameworksBuildPhase section */
		05B2D23928EDB0D800779418 /* Frameworks */ = {
			isa = PBXFrameworksBuildPhase;
			buildActionMask = 2147483647;
			files = (
				6102E77E0CC60C4180C9B54A /* Pods_MySpeechBubble.framework in Frameworks */,
			);
			runOnlyForDeploymentPostprocessing = 0;
		};
/* End PBXFrameworksBuildPhase section */

/* Begin PBXGroup section */
		05B2D23328EDB0D800779418 = {
			isa = PBXGroup;
			children = (
				05B2D23E28EDB0D800779418 /* MySpeechBubble */,
				05B2D23D28EDB0D800779418 /* Products */,
				8F3ACD84275566C66236E91C /* Pods */,
				7B86CED8C330F66665B518E8 /* Frameworks */,
			);
			sourceTree = "<group>";
		};
		05B2D23D28EDB0D800779418 /* Products */ = {
			isa = PBXGroup;
			children = (
				05B2D23C28EDB0D800779418 /* MySpeechBubble.app */,
			);
			name = Products;
			sourceTree = "<group>";
		};
		05B2D23E28EDB0D800779418 /* MySpeechBubble */ = {
			isa = PBXGroup;
			children = (
				05B2D23F28EDB0D800779418 /* AppDelegate.swift */,
				05B2D24128EDB0D800779418 /* SceneDelegate.swift */,
				05B2D24328EDB0D800779418 /* ViewController.swift */,
				05B2D24528EDB0D800779418 /* Main.storyboard */,
				05B2D24828EDB0DA00779418 /* Assets.xcassets */,
				05B2D24A28EDB0DA00779418 /* LaunchScreen.storyboard */,
				05B2D24D28EDB0DA00779418 /* Info.plist */,
				05B2D25328EDB0FD00779418 /* SpeechBubble.swift */,
			);
			path = MySpeechBubble;
			sourceTree = "<group>";
		};
		7B86CED8C330F66665B518E8 /* Frameworks */ = {
			isa = PBXGroup;
			children = (
				3007EF182C84B1A4341E1002 /* Pods_MySpeechBubble.framework */,
			);
			name = Frameworks;
			sourceTree = "<group>";
		};
		8F3ACD84275566C66236E91C /* Pods */ = {
			isa = PBXGroup;
			children = (
				C8D1C1F2C44A53C85C2E72C9 /* Pods-MySpeechBubble.debug.xcconfig */,
				9F5C21977EAF49CA863C3BB0 /* Pods-MySpeechBubble.release.xcconfig */,
			);
			name = Pods;
			path = Pods;
			sourceTree = "<group>";
		};
/* End PBXGroup section */

/* Begin PBXNativeTarget section */
		05B2D23B28EDB0D800779418 /* MySpeechBubble */ = {
			isa = PBXNativeTarget;
			buildConfigurationList = 05B2D25028EDB0DA00779418 /* Build configuration list for PBXNativeTarget "MySpeechBubble" */;
			buildPhases = (
				0AA5E4E35BD1385F6D2ACE2F /* [CP] Check Pods Manifest.lock */,
				05B2D23828EDB0D800779418 /* Sources */,
				05B2D23928EDB0D800779418 /* Frameworks */,
				05B2D23A28EDB0D800779418 /* Resources */,
				F493F7A9ECBF03A5F999F93D /* [CP] Embed Pods Frameworks */,
			);
			buildRules = (
			);
			dependencies = (
			);
			name = MySpeechBubble;
			productName = MySpeechBubble;
			productReference = 05B2D23C28EDB0D800779418 /* MySpeechBubble.app */;
			productType = "com.apple.product-type.application";
		};
/* End PBXNativeTarget section */

/* Begin PBXProject section */
		05B2D23428EDB0D800779418 /* Project object */ = {
			isa = PBXProject;
			attributes = {
				BuildIndependentTargetsInParallel = 1;
				LastSwiftUpdateCheck = 1400;
				LastUpgradeCheck = 1400;
				TargetAttributes = {
					05B2D23B28EDB0D800779418 = {
						CreatedOnToolsVersion = 14.0;
					};
				};
			};
			buildConfigurationList = 05B2D23728EDB0D800779418 /* Build configuration list for PBXProject "MySpeechBubble" */;
			compatibilityVersion = "Xcode 13.0";
			developmentRegion = en;
			hasScannedForEncodings = 0;
			knownRegions = (
				en,
				Base,
			);
			mainGroup = 05B2D23328EDB0D800779418;
			productRefGroup = 05B2D23D28EDB0D800779418 /* Products */;
			projectDirPath = "";
			projectRoot = "";
			targets = (
				05B2D23B28EDB0D800779418 /* MySpeechBubble */,
			);
		};
/* End PBXProject section */

/* Begin PBXResourcesBuildPhase section */
		05B2D23A28EDB0D800779418 /* Resources */ = {
			isa = PBXResourcesBuildPhase;
			buildActionMask = 2147483647;
			files = (
				05B2D24C28EDB0DA00779418 /* LaunchScreen.storyboard in Resources */,
				05B2D24928EDB0DA00779418 /* Assets.xcassets in Resources */,
				05B2D24728EDB0D800779418 /* Main.storyboard in Resources */,
			);
			runOnlyForDeploymentPostprocessing = 0;
		};
/* End PBXResourcesBuildPhase section */

/* Begin PBXShellScriptBuildPhase section */
		0AA5E4E35BD1385F6D2ACE2F /* [CP] Check Pods Manifest.lock */ = {
			isa = PBXShellScriptBuildPhase;
			buildActionMask = 2147483647;
			files = (
			);
			inputFileListPaths = (
			);
			inputPaths = (
				"${PODS_PODFILE_DIR_PATH}/Podfile.lock",
				"${PODS_ROOT}/Manifest.lock",
			);
			name = "[CP] Check Pods Manifest.lock";
			outputFileListPaths = (
			);
			outputPaths = (
				"$(DERIVED_FILE_DIR)/Pods-MySpeechBubble-checkManifestLockResult.txt",
			);
			runOnlyForDeploymentPostprocessing = 0;
			shellPath = /bin/sh;
			shellScript = "diff \"${PODS_PODFILE_DIR_PATH}/Podfile.lock\" \"${PODS_ROOT}/Manifest.lock\" > /dev/null\nif [ $? != 0 ] ; then\n    # print error to STDERR\n    echo \"error: The sandbox is not in sync with the Podfile.lock. Run 'pod install' or update your CocoaPods installation.\" >&2\n    exit 1\nfi\n# This output is used by Xcode 'outputs' to avoid re-running this script phase.\necho \"SUCCESS\" > \"${SCRIPT_OUTPUT_FILE_0}\"\n";
			showEnvVarsInLog = 0;
		};
		F493F7A9ECBF03A5F999F93D /* [CP] Embed Pods Frameworks */ = {
			isa = PBXShellScriptBuildPhase;
			buildActionMask = 2147483647;
			files = (
			);
			inputFileListPaths = (
				"${PODS_ROOT}/Target Support Files/Pods-MySpeechBubble/Pods-MySpeechBubble-frameworks-${CONFIGURATION}-input-files.xcfilelist",
			);
			name = "[CP] Embed Pods Frameworks";
			outputFileListPaths = (
				"${PODS_ROOT}/Target Support Files/Pods-MySpeechBubble/Pods-MySpeechBubble-frameworks-${CONFIGURATION}-output-files.xcfilelist",
			);
			runOnlyForDeploymentPostprocessing = 0;
			shellPath = /bin/sh;
			shellScript = "\"${PODS_ROOT}/Target Support Files/Pods-MySpeechBubble/Pods-MySpeechBubble-frameworks.sh\"\n";
			showEnvVarsInLog = 0;
		};
/* End PBXShellScriptBuildPhase section */

/* Begin PBXSourcesBuildPhase section */
		05B2D23828EDB0D800779418 /* Sources */ = {
			isa = PBXSourcesBuildPhase;
			buildActionMask = 2147483647;
			files = (
				05B2D24428EDB0D800779418 /* ViewController.swift in Sources */,
				05B2D25428EDB0FD00779418 /* SpeechBubble.swift in Sources */,
				05B2D24028EDB0D800779418 /* AppDelegate.swift in Sources */,
				05B2D24228EDB0D800779418 /* SceneDelegate.swift in Sources */,
			);
			runOnlyForDeploymentPostprocessing = 0;
		};
/* End PBXSourcesBuildPhase section */

/* Begin PBXVariantGroup section */
		05B2D24528EDB0D800779418 /* Main.storyboard */ = {
			isa = PBXVariantGroup;
			children = (
				05B2D24628EDB0D800779418 /* Base */,
			);
			name = Main.storyboard;
			sourceTree = "<group>";
		};
		05B2D24A28EDB0DA00779418 /* LaunchScreen.storyboard */ = {
			isa = PBXVariantGroup;
			children = (
				05B2D24B28EDB0DA00779418 /* Base */,
			);
			name = LaunchScreen.storyboard;
			sourceTree = "<group>";
		};
/* End PBXVariantGroup section */

/* Begin XCBuildConfiguration section */
		05B2D24E28EDB0DA00779418 /* Debug */ = {
			isa = XCBuildConfiguration;
			buildSettings = {
				ALWAYS_SEARCH_USER_PATHS = NO;
				CLANG_ANALYZER_NONNULL = YES;
				CLANG_ANALYZER_NUMBER_OBJECT_CONVERSION = YES_AGGRESSIVE;
				CLANG_CXX_LANGUAGE_STANDARD = "gnu++20";
				CLANG_ENABLE_MODULES = YES;
				CLANG_ENABLE_OBJC_ARC = YES;
				CLANG_ENABLE_OBJC_WEAK = YES;
				CLANG_WARN_BLOCK_CAPTURE_AUTORELEASING = YES;
				CLANG_WARN_BOOL_CONVERSION = YES;
				CLANG_WARN_COMMA = YES;
				CLANG_WARN_CONSTANT_CONVERSION = YES;
				CLANG_WARN_DEPRECATED_OBJC_IMPLEMENTATIONS = YES;
				CLANG_WARN_DIRECT_OBJC_ISA_USAGE = YES_ERROR;
				CLANG_WARN_DOCUMENTATION_COMMENTS = YES;
				CLANG_WARN_EMPTY_BODY = YES;
				CLANG_WARN_ENUM_CONVERSION = YES;
				CLANG_WARN_INFINITE_RECURSION = YES;
				CLANG_WARN_INT_CONVERSION = YES;
				CLANG_WARN_NON_LITERAL_NULL_CONVERSION = YES;
				CLANG_WARN_OBJC_IMPLICIT_RETAIN_SELF = YES;
				CLANG_WARN_OBJC_LITERAL_CONVERSION = YES;
				CLANG_WARN_OBJC_ROOT_CLASS = YES_ERROR;
				CLANG_WARN_QUOTED_INCLUDE_IN_FRAMEWORK_HEADER = YES;
				CLANG_WARN_RANGE_LOOP_ANALYSIS = YES;
				CLANG_WARN_STRICT_PROTOTYPES = YES;
				CLANG_WARN_SUSPICIOUS_MOVE = YES;
				CLANG_WARN_UNGUARDED_AVAILABILITY = YES_AGGRESSIVE;
				CLANG_WARN_UNREACHABLE_CODE = YES;
				CLANG_WARN__DUPLICATE_METHOD_MATCH = YES;
				COPY_PHASE_STRIP = NO;
				DEBUG_INFORMATION_FORMAT = dwarf;
				ENABLE_STRICT_OBJC_MSGSEND = YES;
				ENABLE_TESTABILITY = YES;
				GCC_C_LANGUAGE_STANDARD = gnu11;
				GCC_DYNAMIC_NO_PIC = NO;
				GCC_NO_COMMON_BLOCKS = YES;
				GCC_OPTIMIZATION_LEVEL = 0;
				GCC_PREPROCESSOR_DEFINITIONS = (
					"DEBUG=1",
					"$(inherited)",
				);
				GCC_WARN_64_TO_32_BIT_CONVERSION = YES;
				GCC_WARN_ABOUT_RETURN_TYPE = YES_ERROR;
				GCC_WARN_UNDECLARED_SELECTOR = YES;
				GCC_WARN_UNINITIALIZED_AUTOS = YES_AGGRESSIVE;
				GCC_WARN_UNUSED_FUNCTION = YES;
				GCC_WARN_UNUSED_VARIABLE = YES;
				IPHONEOS_DEPLOYMENT_TARGET = 15.0;
				MTL_ENABLE_DEBUG_INFO = INCLUDE_SOURCE;
				MTL_FAST_MATH = YES;
				ONLY_ACTIVE_ARCH = YES;
				SDKROOT = iphoneos;
				SWIFT_ACTIVE_COMPILATION_CONDITIONS = DEBUG;
				SWIFT_OPTIMIZATION_LEVEL = "-Onone";
			};
			name = Debug;
		};
		05B2D24F28EDB0DA00779418 /* Release */ = {
			isa = XCBuildConfiguration;
			buildSettings = {
				ALWAYS_SEARCH_USER_PATHS = NO;
				CLANG_ANALYZER_NONNULL = YES;
				CLANG_ANALYZER_NUMBER_OBJECT_CONVERSION = YES_AGGRESSIVE;
				CLANG_CXX_LANGUAGE_STANDARD = "gnu++20";
				CLANG_ENABLE_MODULES = YES;
				CLANG_ENABLE_OBJC_ARC = YES;
				CLANG_ENABLE_OBJC_WEAK = YES;
				CLANG_WARN_BLOCK_CAPTURE_AUTORELEASING = YES;
				CLANG_WARN_BOOL_CONVERSION = YES;
				CLANG_WARN_COMMA = YES;
				CLANG_WARN_CONSTANT_CONVERSION = YES;
				CLANG_WARN_DEPRECATED_OBJC_IMPLEMENTATIONS = YES;
				CLANG_WARN_DIRECT_OBJC_ISA_USAGE = YES_ERROR;
				CLANG_WARN_DOCUMENTATION_COMMENTS = YES;
				CLANG_WARN_EMPTY_BODY = YES;
				CLANG_WARN_ENUM_CONVERSION = YES;
				CLANG_WARN_INFINITE_RECURSION = YES;
				CLANG_WARN_INT_CONVERSION = YES;
				CLANG_WARN_NON_LITERAL_NULL_CONVERSION = YES;
				CLANG_WARN_OBJC_IMPLICIT_RETAIN_SELF = YES;
				CLANG_WARN_OBJC_LITERAL_CONVERSION = YES;
				CLANG_WARN_OBJC_ROOT_CLASS = YES_ERROR;
				CLANG_WARN_QUOTED_INCLUDE_IN_FRAMEWORK_HEADER = YES;
				CLANG_WARN_RANGE_LOOP_ANALYSIS = YES;
				CLANG_WARN_STRICT_PROTOTYPES = YES;
				CLANG_WARN_SUSPICIOUS_MOVE = YES;
				CLANG_WARN_UNGUARDED_AVAILABILITY = YES_AGGRESSIVE;
				CLANG_WARN_UNREACHABLE_CODE = YES;
				CLANG_WARN__DUPLICATE_METHOD_MATCH = YES;
				COPY_PHASE_STRIP = NO;
				DEBUG_INFORMATION_FORMAT = "dwarf-with-dsym";
				ENABLE_NS_ASSERTIONS = NO;
				ENABLE_STRICT_OBJC_MSGSEND = YES;
				GCC_C_LANGUAGE_STANDARD = gnu11;
				GCC_NO_COMMON_BLOCKS = YES;
				GCC_WARN_64_TO_32_BIT_CONVERSION = YES;
				GCC_WARN_ABOUT_RETURN_TYPE = YES_ERROR;
				GCC_WARN_UNDECLARED_SELECTOR = YES;
				GCC_WARN_UNINITIALIZED_AUTOS = YES_AGGRESSIVE;
				GCC_WARN_UNUSED_FUNCTION = YES;
				GCC_WARN_UNUSED_VARIABLE = YES;
				IPHONEOS_DEPLOYMENT_TARGET = 15.0;
				MTL_ENABLE_DEBUG_INFO = NO;
				MTL_FAST_MATH = YES;
				SDKROOT = iphoneos;
				SWIFT_COMPILATION_MODE = wholemodule;
				SWIFT_OPTIMIZATION_LEVEL = "-O";
				VALIDATE_PRODUCT = YES;
			};
			name = Release;
		};
		05B2D25128EDB0DA00779418 /* Debug */ = {
			isa = XCBuildConfiguration;
			baseConfigurationReference = C8D1C1F2C44A53C85C2E72C9 /* Pods-MySpeechBubble.debug.xcconfig */;
			buildSettings = {
				ASSETCATALOG_COMPILER_APPICON_NAME = AppIcon;
				ASSETCATALOG_COMPILER_GLOBAL_ACCENT_COLOR_NAME = AccentColor;
				CODE_SIGN_STYLE = Automatic;
				CURRENT_PROJECT_VERSION = 1;
				DEVELOPMENT_TEAM = L8WFLHVUYX;
				GENERATE_INFOPLIST_FILE = YES;
				INFOPLIST_FILE = MySpeechBubble/Info.plist;
				INFOPLIST_KEY_UIApplicationSupportsIndirectInputEvents = YES;
				INFOPLIST_KEY_UILaunchStoryboardName = LaunchScreen;
				INFOPLIST_KEY_UIMainStoryboardFile = Main;
				INFOPLIST_KEY_UISupportedInterfaceOrientations_iPad = "UIInterfaceOrientationPortrait UIInterfaceOrientationPortraitUpsideDown UIInterfaceOrientationLandscapeLeft UIInterfaceOrientationLandscapeRight";
				INFOPLIST_KEY_UISupportedInterfaceOrientations_iPhone = "UIInterfaceOrientationPortrait UIInterfaceOrientationLandscapeLeft UIInterfaceOrientationLandscapeRight";
				IPHONEOS_DEPLOYMENT_TARGET = 15.0;
				LD_RUNPATH_SEARCH_PATHS = (
					"$(inherited)",
					"@executable_path/Frameworks",
				);
				MARKETING_VERSION = 1.0;
				PRODUCT_BUNDLE_IDENTIFIER = com.example.MySpeechBubble;
				PRODUCT_NAME = "$(TARGET_NAME)";
				SUPPORTED_PLATFORMS = "iphoneos iphonesimulator";
				SUPPORTS_MACCATALYST = NO;
				SUPPORTS_MAC_DESIGNED_FOR_IPHONE_IPAD = NO;
				SWIFT_EMIT_LOC_STRINGS = YES;
				SWIFT_VERSION = 5.0;
				TARGETED_DEVICE_FAMILY = 1;
			};
			name = Debug;
		};
		05B2D25228EDB0DA00779418 /* Release */ = {
			isa = XCBuildConfiguration;
			baseConfigurationReference = 9F5C21977EAF49CA863C3BB0 /* Pods-MySpeechBubble.release.xcconfig */;
			buildSettings = {
				ASSETCATALOG_COMPILER_APPICON_NAME = AppIcon;
				ASSETCATALOG_COMPILER_GLOBAL_ACCENT_COLOR_NAME = AccentColor;
				CODE_SIGN_STYLE = Automatic;
				CURRENT_PROJECT_VERSION = 1;
				DEVELOPMENT_TEAM = L8WFLHVUYX;
				GENERATE_INFOPLIST_FILE = YES;
				INFOPLIST_FILE = MySpeechBubble/Info.plist;
				INFOPLIST_KEY_UIApplicationSupportsIndirectInputEvents = YES;
				INFOPLIST_KEY_UILaunchStoryboardName = LaunchScreen;
				INFOPLIST_KEY_UIMainStoryboardFile = Main;
				INFOPLIST_KEY_UISupportedInterfaceOrientations_iPad = "UIInterfaceOrientationPortrait UIInterfaceOrientationPortraitUpsideDown UIInterfaceOrientationLandscapeLeft UIInterfaceOrientationLandscapeRight";
				INFOPLIST_KEY_UISupportedInterfaceOrientations_iPhone = "UIInterfaceOrientationPortrait UIInterfaceOrientationLandscapeLeft UIInterfaceOrientationLandscapeRight";
				IPHONEOS_DEPLOYMENT_TARGET = 15.0;
				LD_RUNPATH_SEARCH_PATHS = (
					"$(inherited)",
					"@executable_path/Frameworks",
				);
				MARKETING_VERSION = 1.0;
				PRODUCT_BUNDLE_IDENTIFIER = com.example.MySpeechBubble;
				PRODUCT_NAME = "$(TARGET_NAME)";
				SUPPORTED_PLATFORMS = "iphoneos iphonesimulator";
				SUPPORTS_MACCATALYST = NO;
				SUPPORTS_MAC_DESIGNED_FOR_IPHONE_IPAD = NO;
				SWIFT_EMIT_LOC_STRINGS = YES;
				SWIFT_VERSION = 5.0;
				TARGETED_DEVICE_FAMILY = 1;
			};
			name = Release;
		};
/* End XCBuildConfiguration section */

/* Begin XCConfigurationList section */
		05B2D23728EDB0D800779418 /* Build configuration list for PBXProject "MySpeechBubble" */ = {
			isa = XCConfigurationList;
			buildConfigurations = (
				05B2D24E28EDB0DA00779418 /* Debug */,
				05B2D24F28EDB0DA00779418 /* Release */,
			);
			defaultConfigurationIsVisible = 0;
			defaultConfigurationName = Release;
		};
		05B2D25028EDB0DA00779418 /* Build configuration list for PBXNativeTarget "MySpeechBubble" */ = {
			isa = XCConfigurationList;
			buildConfigurations = (
				05B2D25128EDB0DA00779418 /* Debug */,
				05B2D25228EDB0DA00779418 /* Release */,
			);
			defaultConfigurationIsVisible = 0;
			defaultConfigurationName = Release;
		};
/* End XCConfigurationList section */
	};
	rootObject = 05B2D23428EDB0D800779418 /* Project object */;
}
