// !$*UTF8*$!
{
	archiveVersion = 1;
	classes = {
	};
	objectVersion = 55;
	objects = {

/* Begin PBXBuildFile section */
		05F13D4E285B76DB0095867B /* AppDelegate.swift in Sources */ = {isa = PBXBuildFile; fileRef = 05F13D4D285B76DB0095867B /* AppDelegate.swift */; };
		05F13D50285B76DB0095867B /* SceneDelegate.swift in Sources */ = {isa = PBXBuildFile; fileRef = 05F13D4F285B76DB0095867B /* SceneDelegate.swift */; };
		05F13D52285B76DB0095867B /* ViewController.swift in Sources */ = {isa = PBXBuildFile; fileRef = 05F13D51285B76DB0095867B /* ViewController.swift */; };
		05F13D55285B76DB0095867B /* Main.storyboard in Resources */ = {isa = PBXBuildFile; fileRef = 05F13D53285B76DB0095867B /* Main.storyboard */; };
		05F13D57285B76DE0095867B /* Assets.xcassets in Resources */ = {isa = PBXBuildFile; fileRef = 05F13D56285B76DE0095867B /* Assets.xcassets */; };
		05F13D5A285B76DE0095867B /* LaunchScreen.storyboard in Resources */ = {isa = PBXBuildFile; fileRef = 05F13D58285B76DE0095867B /* LaunchScreen.storyboard */; };
		05F13D62285B77800095867B /* CocobeanView.swift in Sources */ = {isa = PBXBuildFile; fileRef = 05F13D61285B77800095867B /* CocobeanView.swift */; };
/* End PBXBuildFile section */

/* Begin PBXFileReference section */
		05F13D4A285B76DB0095867B /* MyIBInspectableIBDesignable.app */ = {isa = PBXFileReference; explicitFileType = wrapper.application; includeInIndex = 0; path = MyIBInspectableIBDesignable.app; sourceTree = BUILT_PRODUCTS_DIR; };
		05F13D4D285B76DB0095867B /* AppDelegate.swift */ = {isa = PBXFileReference; lastKnownFileType = sourcecode.swift; path = AppDelegate.swift; sourceTree = "<group>"; };
		05F13D4F285B76DB0095867B /* SceneDelegate.swift */ = {isa = PBXFileReference; lastKnownFileType = sourcecode.swift; path = SceneDelegate.swift; sourceTree = "<group>"; };
		05F13D51285B76DB0095867B /* ViewController.swift */ = {isa = PBXFileReference; lastKnownFileType = sourcecode.swift; path = ViewController.swift; sourceTree = "<group>"; };
		05F13D54285B76DB0095867B /* Base */ = {isa = PBXFileReference; lastKnownFileType = file.storyboard; name = Base; path = Base.lproj/Main.storyboard; sourceTree = "<group>"; };
		05F13D56285B76DE0095867B /* Assets.xcassets */ = {isa = PBXFileReference; lastKnownFileType = folder.assetcatalog; path = Assets.xcassets; sourceTree = "<group>"; };
		05F13D59285B76DE0095867B /* Base */ = {isa = PBXFileReference; lastKnownFileType = file.storyboard; name = Base; path = Base.lproj/LaunchScreen.storyboard; sourceTree = "<group>"; };
		05F13D5B285B76DE0095867B /* Info.plist */ = {isa = PBXFileReference; lastKnownFileType = text.plist.xml; path = Info.plist; sourceTree = "<group>"; };
		05F13D61285B77800095867B /* CocobeanView.swift */ = {isa = PBXFileReference; lastKnownFileType = sourcecode.swift; path = CocobeanView.swift; sourceTree = "<group>"; };
/* End PBXFileReference section */

/* Begin PBXFrameworksBuildPhase section */
		05F13D47285B76DB0095867B /* Frameworks */ = {
			isa = PBXFrameworksBuildPhase;
			buildActionMask = 2147483647;
			files = (
			);
			runOnlyForDeploymentPostprocessing = 0;
		};
/* End PBXFrameworksBuildPhase section */

/* Begin PBXGroup section */
		05F13D41285B76DB0095867B = {
			isa = PBXGroup;
			children = (
				05F13D4C285B76DB0095867B /* MyIBInspectableIBDesignable */,
				05F13D4B285B76DB0095867B /* Products */,
			);
			sourceTree = "<group>";
		};
		05F13D4B285B76DB0095867B /* Products */ = {
			isa = PBXGroup;
			children = (
				05F13D4A285B76DB0095867B /* MyIBInspectableIBDesignable.app */,
			);
			name = Products;
			sourceTree = "<group>";
		};
		05F13D4C285B76DB0095867B /* MyIBInspectableIBDesignable */ = {
			isa = PBXGroup;
			children = (
				05F13D4D285B76DB0095867B /* AppDelegate.swift */,
				05F13D4F285B76DB0095867B /* SceneDelegate.swift */,
				05F13D51285B76DB0095867B /* ViewController.swift */,
				05F13D53285B76DB0095867B /* Main.storyboard */,
				05F13D56285B76DE0095867B /* Assets.xcassets */,
				05F13D58285B76DE0095867B /* LaunchScreen.storyboard */,
				05F13D5B285B76DE0095867B /* Info.plist */,
				05F13D61285B77800095867B /* CocobeanView.swift */,
			);
			path = MyIBInspectableIBDesignable;
			sourceTree = "<group>";
		};
/* End PBXGroup section */

/* Begin PBXNativeTarget section */
		05F13D49285B76DB0095867B /* MyIBInspectableIBDesignable */ = {
			isa = PBXNativeTarget;
			buildConfigurationList = 05F13D5E285B76DE0095867B /* Build configuration list for PBXNativeTarget "MyIBInspectableIBDesignable" */;
			buildPhases = (
				05F13D46285B76DB0095867B /* Sources */,
				05F13D47285B76DB0095867B /* Frameworks */,
				05F13D48285B76DB0095867B /* Resources */,
			);
			buildRules = (
			);
			dependencies = (
			);
			name = MyIBInspectableIBDesignable;
			productName = MyIBInspectableIBDesignable;
			productReference = 05F13D4A285B76DB0095867B /* MyIBInspectableIBDesignable.app */;
			productType = "com.apple.product-type.application";
		};
/* End PBXNativeTarget section */

/* Begin PBXProject section */
		05F13D42285B76DB0095867B /* Project object */ = {
			isa = PBXProject;
			attributes = {
				BuildIndependentTargetsInParallel = 1;
				LastSwiftUpdateCheck = 1340;
				LastUpgradeCheck = 1340;
				TargetAttributes = {
					05F13D49285B76DB0095867B = {
						CreatedOnToolsVersion = 13.4.1;
					};
				};
			};
			buildConfigurationList = 05F13D45285B76DB0095867B /* Build configuration list for PBXProject "MyIBInspectableIBDesignable" */;
			compatibilityVersion = "Xcode 13.0";
			developmentRegion = en;
			hasScannedForEncodings = 0;
			knownRegions = (
				en,
				Base,
			);
			mainGroup = 05F13D41285B76DB0095867B;
			productRefGroup = 05F13D4B285B76DB0095867B /* Products */;
			projectDirPath = "";
			projectRoot = "";
			targets = (
				05F13D49285B76DB0095867B /* MyIBInspectableIBDesignable */,
			);
		};
/* End PBXProject section */

/* Begin PBXResourcesBuildPhase section */
		05F13D48285B76DB0095867B /* Resources */ = {
			isa = PBXResourcesBuildPhase;
			buildActionMask = 2147483647;
			files = (
				05F13D5A285B76DE0095867B /* LaunchScreen.storyboard in Resources */,
				05F13D57285B76DE0095867B /* Assets.xcassets in Resources */,
				05F13D55285B76DB0095867B /* Main.storyboard in Resources */,
			);
			runOnlyForDeploymentPostprocessing = 0;
		};
/* End PBXResourcesBuildPhase section */

/* Begin PBXSourcesBuildPhase section */
		05F13D46285B76DB0095867B /* Sources */ = {
			isa = PBXSourcesBuildPhase;
			buildActionMask = 2147483647;
			files = (
				05F13D52285B76DB0095867B /* ViewController.swift in Sources */,
				05F13D4E285B76DB0095867B /* AppDelegate.swift in Sources */,
				05F13D62285B77800095867B /* CocobeanView.swift in Sources */,
				05F13D50285B76DB0095867B /* SceneDelegate.swift in Sources */,
			);
			runOnlyForDeploymentPostprocessing = 0;
		};
/* End PBXSourcesBuildPhase section */

/* Begin PBXVariantGroup section */
		05F13D53285B76DB0095867B /* Main.storyboard */ = {
			isa = PBXVariantGroup;
			children = (
				05F13D54285B76DB0095867B /* Base */,
			);
			name = Main.storyboard;
			sourceTree = "<group>";
		};
		05F13D58285B76DE0095867B /* LaunchScreen.storyboard */ = {
			isa = PBXVariantGroup;
			children = (
				05F13D59285B76DE0095867B /* Base */,
			);
			name = LaunchScreen.storyboard;
			sourceTree = "<group>";
		};
/* End PBXVariantGroup section */

/* Begin XCBuildConfiguration section */
		05F13D5C285B76DE0095867B /* Debug */ = {
			isa = XCBuildConfiguration;
			buildSettings = {
				ALWAYS_SEARCH_USER_PATHS = NO;
				CLANG_ANALYZER_NONNULL = YES;
				CLANG_ANALYZER_NUMBER_OBJECT_CONVERSION = YES_AGGRESSIVE;
				CLANG_CXX_LANGUAGE_STANDARD = "gnu++17";
				CLANG_ENABLE_MODULES = YES;
				CLANG_ENABLE_OBJC_ARC = YES;
				CLANG_ENABLE_OBJC_WEAK = YES;
				CLANG_WARN_BLOCK_CAPTURE_AUTORELEASING = YES;
				CLANG_WARN_BOOL_CONVERSION = YES;
				CLANG_WARN_COMMA = YES;
				CLANG_WARN_CONSTANT_CONVERSION = YES;
				CLANG_WARN_DEPRECATED_OBJC_IMPLEMENTATIONS = YES;
				CLANG_WARN_DIRECT_OBJC_ISA_USAGE = YES_ERROR;
				CLANG_WARN_DOCUMENTATION_COMMENTS = YES;
				CLANG_WARN_EMPTY_BODY = YES;
				CLANG_WARN_ENUM_CONVERSION = YES;
				CLANG_WARN_INFINITE_RECURSION = YES;
				CLANG_WARN_INT_CONVERSION = YES;
				CLANG_WARN_NON_LITERAL_NULL_CONVERSION = YES;
				CLANG_WARN_OBJC_IMPLICIT_RETAIN_SELF = YES;
				CLANG_WARN_OBJC_LITERAL_CONVERSION = YES;
				CLANG_WARN_OBJC_ROOT_CLASS = YES_ERROR;
				CLANG_WARN_QUOTED_INCLUDE_IN_FRAMEWORK_HEADER = YES;
				CLANG_WARN_RANGE_LOOP_ANALYSIS = YES;
				CLANG_WARN_STRICT_PROTOTYPES = YES;
				CLANG_WARN_SUSPICIOUS_MOVE = YES;
				CLANG_WARN_UNGUARDED_AVAILABILITY = YES_AGGRESSIVE;
				CLANG_WARN_UNREACHABLE_CODE = YES;
				CLANG_WARN__DUPLICATE_METHOD_MATCH = YES;
				COPY_PHASE_STRIP = NO;
				DEBUG_INFORMATION_FORMAT = dwarf;
				ENABLE_STRICT_OBJC_MSGSEND = YES;
				ENABLE_TESTABILITY = YES;
				GCC_C_LANGUAGE_STANDARD = gnu11;
				GCC_DYNAMIC_NO_PIC = NO;
				GCC_NO_COMMON_BLOCKS = YES;
				GCC_OPTIMIZATION_LEVEL = 0;
				GCC_PREPROCESSOR_DEFINITIONS = (
					"DEBUG=1",
					"$(inherited)",
				);
				GCC_WARN_64_TO_32_BIT_CONVERSION = YES;
				GCC_WARN_ABOUT_RETURN_TYPE = YES_ERROR;
				GCC_WARN_UNDECLARED_SELECTOR = YES;
				GCC_WARN_UNINITIALIZED_AUTOS = YES_AGGRESSIVE;
				GCC_WARN_UNUSED_FUNCTION = YES;
				GCC_WARN_UNUSED_VARIABLE = YES;
				IPHONEOS_DEPLOYMENT_TARGET = 15.5;
				MTL_ENABLE_DEBUG_INFO = INCLUDE_SOURCE;
				MTL_FAST_MATH = YES;
				ONLY_ACTIVE_ARCH = YES;
				SDKROOT = iphoneos;
				SWIFT_ACTIVE_COMPILATION_CONDITIONS = DEBUG;
				SWIFT_OPTIMIZATION_LEVEL = "-Onone";
			};
			name = Debug;
		};
		05F13D5D285B76DE0095867B /* Release */ = {
			isa = XCBuildConfiguration;
			buildSettings = {
				ALWAYS_SEARCH_USER_PATHS = NO;
				CLANG_ANALYZER_NONNULL = YES;
				CLANG_ANALYZER_NUMBER_OBJECT_CONVERSION = YES_AGGRESSIVE;
				CLANG_CXX_LANGUAGE_STANDARD = "gnu++17";
				CLANG_ENABLE_MODULES = YES;
				CLANG_ENABLE_OBJC_ARC = YES;
				CLANG_ENABLE_OBJC_WEAK = YES;
				CLANG_WARN_BLOCK_CAPTURE_AUTORELEASING = YES;
				CLANG_WARN_BOOL_CONVERSION = YES;
				CLANG_WARN_COMMA = YES;
				CLANG_WARN_CONSTANT_CONVERSION = YES;
				CLANG_WARN_DEPRECATED_OBJC_IMPLEMENTATIONS = YES;
				CLANG_WARN_DIRECT_OBJC_ISA_USAGE = YES_ERROR;
				CLANG_WARN_DOCUMENTATION_COMMENTS = YES;
				CLANG_WARN_EMPTY_BODY = YES;
				CLANG_WARN_ENUM_CONVERSION = YES;
				CLANG_WARN_INFINITE_RECURSION = YES;
				CLANG_WARN_INT_CONVERSION = YES;
				CLANG_WARN_NON_LITERAL_NULL_CONVERSION = YES;
				CLANG_WARN_OBJC_IMPLICIT_RETAIN_SELF = YES;
				CLANG_WARN_OBJC_LITERAL_CONVERSION = YES;
				CLANG_WARN_OBJC_ROOT_CLASS = YES_ERROR;
				CLANG_WARN_QUOTED_INCLUDE_IN_FRAMEWORK_HEADER = YES;
				CLANG_WARN_RANGE_LOOP_ANALYSIS = YES;
				CLANG_WARN_STRICT_PROTOTYPES = YES;
				CLANG_WARN_SUSPICIOUS_MOVE = YES;
				CLANG_WARN_UNGUARDED_AVAILABILITY = YES_AGGRESSIVE;
				CLANG_WARN_UNREACHABLE_CODE = YES;
				CLANG_WARN__DUPLICATE_METHOD_MATCH = YES;
				COPY_PHASE_STRIP = NO;
				DEBUG_INFORMATION_FORMAT = "dwarf-with-dsym";
				ENABLE_NS_ASSERTIONS = NO;
				ENABLE_STRICT_OBJC_MSGSEND = YES;
				GCC_C_LANGUAGE_STANDARD = gnu11;
				GCC_NO_COMMON_BLOCKS = YES;
				GCC_WARN_64_TO_32_BIT_CONVERSION = YES;
				GCC_WARN_ABOUT_RETURN_TYPE = YES_ERROR;
				GCC_WARN_UNDECLARED_SELECTOR = YES;
				GCC_WARN_UNINITIALIZED_AUTOS = YES_AGGRESSIVE;
				GCC_WARN_UNUSED_FUNCTION = YES;
				GCC_WARN_UNUSED_VARIABLE = YES;
				IPHONEOS_DEPLOYMENT_TARGET = 15.5;
				MTL_ENABLE_DEBUG_INFO = NO;
				MTL_FAST_MATH = YES;
				SDKROOT = iphoneos;
				SWIFT_COMPILATION_MODE = wholemodule;
				SWIFT_OPTIMIZATION_LEVEL = "-O";
				VALIDATE_PRODUCT = YES;
			};
			name = Release;
		};
		05F13D5F285B76DE0095867B /* Debug */ = {
			isa = XCBuildConfiguration;
			buildSettings = {
				ASSETCATALOG_COMPILER_APPICON_NAME = AppIcon;
				ASSETCATALOG_COMPILER_GLOBAL_ACCENT_COLOR_NAME = AccentColor;
				CODE_SIGN_STYLE = Automatic;
				CURRENT_PROJECT_VERSION = 1;
				DEVELOPMENT_TEAM = 82F458XMQ9;
				GENERATE_INFOPLIST_FILE = YES;
				INFOPLIST_FILE = MyIBInspectableIBDesignable/Info.plist;
				INFOPLIST_KEY_UIApplicationSupportsIndirectInputEvents = YES;
				INFOPLIST_KEY_UILaunchStoryboardName = LaunchScreen;
				INFOPLIST_KEY_UIMainStoryboardFile = Main;
				INFOPLIST_KEY_UISupportedInterfaceOrientations_iPad = "UIInterfaceOrientationPortrait UIInterfaceOrientationPortraitUpsideDown UIInterfaceOrientationLandscapeLeft UIInterfaceOrientationLandscapeRight";
				INFOPLIST_KEY_UISupportedInterfaceOrientations_iPhone = "UIInterfaceOrientationPortrait UIInterfaceOrientationLandscapeLeft UIInterfaceOrientationLandscapeRight";
				LD_RUNPATH_SEARCH_PATHS = (
					"$(inherited)",
					"@executable_path/Frameworks",
				);
				MARKETING_VERSION = 1.0;
				PRODUCT_BUNDLE_IDENTIFIER = com.muangs.MyIBInspectableIBDesignable;
				PRODUCT_NAME = "$(TARGET_NAME)";
				SWIFT_EMIT_LOC_STRINGS = YES;
				SWIFT_VERSION = 5.0;
				TARGETED_DEVICE_FAMILY = "1,2";
			};
			name = Debug;
		};
		05F13D60285B76DE0095867B /* Release */ = {
			isa = XCBuildConfiguration;
			buildSettings = {
				ASSETCATALOG_COMPILER_APPICON_NAME = AppIcon;
				ASSETCATALOG_COMPILER_GLOBAL_ACCENT_COLOR_NAME = AccentColor;
				CODE_SIGN_STYLE = Automatic;
				CURRENT_PROJECT_VERSION = 1;
				DEVELOPMENT_TEAM = 82F458XMQ9;
				GENERATE_INFOPLIST_FILE = YES;
				INFOPLIST_FILE = MyIBInspectableIBDesignable/Info.plist;
				INFOPLIST_KEY_UIApplicationSupportsIndirectInputEvents = YES;
				INFOPLIST_KEY_UILaunchStoryboardName = LaunchScreen;
				INFOPLIST_KEY_UIMainStoryboardFile = Main;
				INFOPLIST_KEY_UISupportedInterfaceOrientations_iPad = "UIInterfaceOrientationPortrait UIInterfaceOrientationPortraitUpsideDown UIInterfaceOrientationLandscapeLeft UIInterfaceOrientationLandscapeRight";
				INFOPLIST_KEY_UISupportedInterfaceOrientations_iPhone = "UIInterfaceOrientationPortrait UIInterfaceOrientationLandscapeLeft UIInterfaceOrientationLandscapeRight";
				LD_RUNPATH_SEARCH_PATHS = (
					"$(inherited)",
					"@executable_path/Frameworks",
				);
				MARKETING_VERSION = 1.0;
				PRODUCT_BUNDLE_IDENTIFIER = com.muangs.MyIBInspectableIBDesignable;
				PRODUCT_NAME = "$(TARGET_NAME)";
				SWIFT_EMIT_LOC_STRINGS = YES;
				SWIFT_VERSION = 5.0;
				TARGETED_DEVICE_FAMILY = "1,2";
			};
			name = Release;
		};
/* End XCBuildConfiguration section */

/* Begin XCConfigurationList section */
		05F13D45285B76DB0095867B /* Build configuration list for PBXProject "MyIBInspectableIBDesignable" */ = {
			isa = XCConfigurationList;
			buildConfigurations = (
				05F13D5C285B76DE0095867B /* Debug */,
				05F13D5D285B76DE0095867B /* Release */,
			);
			defaultConfigurationIsVisible = 0;
			defaultConfigurationName = Release;
		};
		05F13D5E285B76DE0095867B /* Build configuration list for PBXNativeTarget "MyIBInspectableIBDesignable" */ = {
			isa = XCConfigurationList;
			buildConfigurations = (
				05F13D5F285B76DE0095867B /* Debug */,
				05F13D60285B76DE0095867B /* Release */,
			);
			defaultConfigurationIsVisible = 0;
			defaultConfigurationName = Release;
		};
/* End XCConfigurationList section */
	};
	rootObject = 05F13D42285B76DB0095867B /* Project object */;
}
