// !$*UTF8*$!
{
	archiveVersion = 1;
	classes = {
	};
	objectVersion = 56;
	objects = {

/* Begin PBXBuildFile section */
		051C95F32BCF4E99005BF8FA /* SnapKit-Dynamic in Embed Frameworks */ = {isa = PBXBuildFile; productRef = 055C91622BCE5D4800DCA2AF /* SnapKit-Dynamic */; settings = {ATTRIBUTES = (CodeSignOnCopy, ); }; };
		055C91452BCE1F6F00DCA2AF /* AppDelegate.swift in Sources */ = {isa = PBXBuildFile; fileRef = 055C91442BCE1F6F00DCA2AF /* AppDelegate.swift */; };
		055C91472BCE1F6F00DCA2AF /* SceneDelegate.swift in Sources */ = {isa = PBXBuildFile; fileRef = 055C91462BCE1F6F00DCA2AF /* SceneDelegate.swift */; };
		055C91492BCE1F6F00DCA2AF /* ViewController.swift in Sources */ = {isa = PBXBuildFile; fileRef = 055C91482BCE1F6F00DCA2AF /* ViewController.swift */; };
		055C914C2BCE1F7000DCA2AF /* Base in Resources */ = {isa = PBXBuildFile; fileRef = 055C914B2BCE1F6F00DCA2AF /* Base */; };
		055C914E2BCE1F7100DCA2AF /* Assets.xcassets in Resources */ = {isa = PBXBuildFile; fileRef = 055C914D2BCE1F7100DCA2AF /* Assets.xcassets */; };
		055C91512BCE1F7100DCA2AF /* Base in Resources */ = {isa = PBXBuildFile; fileRef = 055C91502BCE1F7100DCA2AF /* Base */; };
		055C915C2BCE1FB800DCA2AF /* UIStackView+.swift in Sources */ = {isa = PBXBuildFile; fileRef = 055C915B2BCE1FB800DCA2AF /* UIStackView+.swift */; };
		055C915E2BCE592D00DCA2AF /* UIEdgeInsets+.swift in Sources */ = {isa = PBXBuildFile; fileRef = 055C915D2BCE592D00DCA2AF /* UIEdgeInsets+.swift */; };
		055C91602BCE5C9200DCA2AF /* UIView+.swift in Sources */ = {isa = PBXBuildFile; fileRef = 055C915F2BCE5C9200DCA2AF /* UIView+.swift */; };
		055C91632BCE5D4800DCA2AF /* SnapKit-Dynamic in Frameworks */ = {isa = PBXBuildFile; productRef = 055C91622BCE5D4800DCA2AF /* SnapKit-Dynamic */; };
/* End PBXBuildFile section */

/* Begin PBXCopyFilesBuildPhase section */
		051C95F42BCF4E99005BF8FA /* Embed Frameworks */ = {
			isa = PBXCopyFilesBuildPhase;
			buildActionMask = 2147483647;
			dstPath = "";
			dstSubfolderSpec = 10;
			files = (
				051C95F32BCF4E99005BF8FA /* SnapKit-Dynamic in Embed Frameworks */,
			);
			name = "Embed Frameworks";
			runOnlyForDeploymentPostprocessing = 0;
		};
/* End PBXCopyFilesBuildPhase section */

/* Begin PBXFileReference section */
		055C91412BCE1F6F00DCA2AF /* MyUIStackView.app */ = {isa = PBXFileReference; explicitFileType = wrapper.application; includeInIndex = 0; path = MyUIStackView.app; sourceTree = BUILT_PRODUCTS_DIR; };
		055C91442BCE1F6F00DCA2AF /* AppDelegate.swift */ = {isa = PBXFileReference; lastKnownFileType = sourcecode.swift; path = AppDelegate.swift; sourceTree = "<group>"; };
		055C91462BCE1F6F00DCA2AF /* SceneDelegate.swift */ = {isa = PBXFileReference; lastKnownFileType = sourcecode.swift; path = SceneDelegate.swift; sourceTree = "<group>"; };
		055C91482BCE1F6F00DCA2AF /* ViewController.swift */ = {isa = PBXFileReference; lastKnownFileType = sourcecode.swift; path = ViewController.swift; sourceTree = "<group>"; };
		055C914B2BCE1F6F00DCA2AF /* Base */ = {isa = PBXFileReference; lastKnownFileType = file.storyboard; name = Base; path = Base.lproj/Main.storyboard; sourceTree = "<group>"; };
		055C914D2BCE1F7100DCA2AF /* Assets.xcassets */ = {isa = PBXFileReference; lastKnownFileType = folder.assetcatalog; path = Assets.xcassets; sourceTree = "<group>"; };
		055C91502BCE1F7100DCA2AF /* Base */ = {isa = PBXFileReference; lastKnownFileType = file.storyboard; name = Base; path = Base.lproj/LaunchScreen.storyboard; sourceTree = "<group>"; };
		055C91522BCE1F7100DCA2AF /* Info.plist */ = {isa = PBXFileReference; lastKnownFileType = text.plist.xml; path = Info.plist; sourceTree = "<group>"; };
		055C915B2BCE1FB800DCA2AF /* UIStackView+.swift */ = {isa = PBXFileReference; lastKnownFileType = sourcecode.swift; path = "UIStackView+.swift"; sourceTree = "<group>"; };
		055C915D2BCE592D00DCA2AF /* UIEdgeInsets+.swift */ = {isa = PBXFileReference; lastKnownFileType = sourcecode.swift; path = "UIEdgeInsets+.swift"; sourceTree = "<group>"; };
		055C915F2BCE5C9200DCA2AF /* UIView+.swift */ = {isa = PBXFileReference; lastKnownFileType = sourcecode.swift; path = "UIView+.swift"; sourceTree = "<group>"; };
/* End PBXFileReference section */

/* Begin PBXFrameworksBuildPhase section */
		055C913E2BCE1F6F00DCA2AF /* Frameworks */ = {
			isa = PBXFrameworksBuildPhase;
			buildActionMask = 2147483647;
			files = (
				055C91632BCE5D4800DCA2AF /* SnapKit-Dynamic in Frameworks */,
			);
			runOnlyForDeploymentPostprocessing = 0;
		};
/* End PBXFrameworksBuildPhase section */

/* Begin PBXGroup section */
		055C91382BCE1F6F00DCA2AF = {
			isa = PBXGroup;
			children = (
				055C91432BCE1F6F00DCA2AF /* MyUIStackView */,
				055C91422BCE1F6F00DCA2AF /* Products */,
			);
			sourceTree = "<group>";
		};
		055C91422BCE1F6F00DCA2AF /* Products */ = {
			isa = PBXGroup;
			children = (
				055C91412BCE1F6F00DCA2AF /* MyUIStackView.app */,
			);
			name = Products;
			sourceTree = "<group>";
		};
		055C91432BCE1F6F00DCA2AF /* MyUIStackView */ = {
			isa = PBXGroup;
			children = (
				055C915A2BCE1FAB00DCA2AF /* Extension */,
				055C91592BCE1F8A00DCA2AF /* Storyboard */,
				055C91582BCE1F7800DCA2AF /* App */,
				055C91482BCE1F6F00DCA2AF /* ViewController.swift */,
				055C914D2BCE1F7100DCA2AF /* Assets.xcassets */,
				055C91522BCE1F7100DCA2AF /* Info.plist */,
			);
			path = MyUIStackView;
			sourceTree = "<group>";
		};
		055C91582BCE1F7800DCA2AF /* App */ = {
			isa = PBXGroup;
			children = (
				055C91442BCE1F6F00DCA2AF /* AppDelegate.swift */,
				055C91462BCE1F6F00DCA2AF /* SceneDelegate.swift */,
			);
			path = App;
			sourceTree = "<group>";
		};
		055C91592BCE1F8A00DCA2AF /* Storyboard */ = {
			isa = PBXGroup;
			children = (
				055C914A2BCE1F6F00DCA2AF /* Main.storyboard */,
				055C914F2BCE1F7100DCA2AF /* LaunchScreen.storyboard */,
			);
			path = Storyboard;
			sourceTree = "<group>";
		};
		055C915A2BCE1FAB00DCA2AF /* Extension */ = {
			isa = PBXGroup;
			children = (
				055C915B2BCE1FB800DCA2AF /* UIStackView+.swift */,
				055C915D2BCE592D00DCA2AF /* UIEdgeInsets+.swift */,
				055C915F2BCE5C9200DCA2AF /* UIView+.swift */,
			);
			path = Extension;
			sourceTree = "<group>";
		};
/* End PBXGroup section */

/* Begin PBXNativeTarget section */
		055C91402BCE1F6F00DCA2AF /* MyUIStackView */ = {
			isa = PBXNativeTarget;
			buildConfigurationList = 055C91552BCE1F7200DCA2AF /* Build configuration list for PBXNativeTarget "MyUIStackView" */;
			buildPhases = (
				055C913D2BCE1F6F00DCA2AF /* Sources */,
				055C913E2BCE1F6F00DCA2AF /* Frameworks */,
				055C913F2BCE1F6F00DCA2AF /* Resources */,
				051C95F42BCF4E99005BF8FA /* Embed Frameworks */,
			);
			buildRules = (
			);
			dependencies = (
			);
			name = MyUIStackView;
			packageProductDependencies = (
				055C91622BCE5D4800DCA2AF /* SnapKit-Dynamic */,
			);
			productName = MyUIStackView;
			productReference = 055C91412BCE1F6F00DCA2AF /* MyUIStackView.app */;
			productType = "com.apple.product-type.application";
		};
/* End PBXNativeTarget section */

/* Begin PBXProject section */
		055C91392BCE1F6F00DCA2AF /* Project object */ = {
			isa = PBXProject;
			attributes = {
				BuildIndependentTargetsInParallel = 1;
				LastSwiftUpdateCheck = 1530;
				LastUpgradeCheck = 1530;
				TargetAttributes = {
					055C91402BCE1F6F00DCA2AF = {
						CreatedOnToolsVersion = 15.3;
					};
				};
			};
			buildConfigurationList = 055C913C2BCE1F6F00DCA2AF /* Build configuration list for PBXProject "MyUIStackView" */;
			compatibilityVersion = "Xcode 14.0";
			developmentRegion = en;
			hasScannedForEncodings = 0;
			knownRegions = (
				en,
				Base,
			);
			mainGroup = 055C91382BCE1F6F00DCA2AF;
			packageReferences = (
				055C91612BCE5D4800DCA2AF /* XCRemoteSwiftPackageReference "SnapKit" */,
			);
			productRefGroup = 055C91422BCE1F6F00DCA2AF /* Products */;
			projectDirPath = "";
			projectRoot = "";
			targets = (
				055C91402BCE1F6F00DCA2AF /* MyUIStackView */,
			);
		};
/* End PBXProject section */

/* Begin PBXResourcesBuildPhase section */
		055C913F2BCE1F6F00DCA2AF /* Resources */ = {
			isa = PBXResourcesBuildPhase;
			buildActionMask = 2147483647;
			files = (
				055C914E2BCE1F7100DCA2AF /* Assets.xcassets in Resources */,
				055C91512BCE1F7100DCA2AF /* Base in Resources */,
				055C914C2BCE1F7000DCA2AF /* Base in Resources */,
			);
			runOnlyForDeploymentPostprocessing = 0;
		};
/* End PBXResourcesBuildPhase section */

/* Begin PBXSourcesBuildPhase section */
		055C913D2BCE1F6F00DCA2AF /* Sources */ = {
			isa = PBXSourcesBuildPhase;
			buildActionMask = 2147483647;
			files = (
				055C91602BCE5C9200DCA2AF /* UIView+.swift in Sources */,
				055C915E2BCE592D00DCA2AF /* UIEdgeInsets+.swift in Sources */,
				055C91492BCE1F6F00DCA2AF /* ViewController.swift in Sources */,
				055C91452BCE1F6F00DCA2AF /* AppDelegate.swift in Sources */,
				055C91472BCE1F6F00DCA2AF /* SceneDelegate.swift in Sources */,
				055C915C2BCE1FB800DCA2AF /* UIStackView+.swift in Sources */,
			);
			runOnlyForDeploymentPostprocessing = 0;
		};
/* End PBXSourcesBuildPhase section */

/* Begin PBXVariantGroup section */
		055C914A2BCE1F6F00DCA2AF /* Main.storyboard */ = {
			isa = PBXVariantGroup;
			children = (
				055C914B2BCE1F6F00DCA2AF /* Base */,
			);
			name = Main.storyboard;
			sourceTree = "<group>";
		};
		055C914F2BCE1F7100DCA2AF /* LaunchScreen.storyboard */ = {
			isa = PBXVariantGroup;
			children = (
				055C91502BCE1F7100DCA2AF /* Base */,
			);
			name = LaunchScreen.storyboard;
			sourceTree = "<group>";
		};
/* End PBXVariantGroup section */

/* Begin XCBuildConfiguration section */
		055C91532BCE1F7200DCA2AF /* Debug */ = {
			isa = XCBuildConfiguration;
			buildSettings = {
				ALWAYS_SEARCH_USER_PATHS = NO;
				ASSETCATALOG_COMPILER_GENERATE_SWIFT_ASSET_SYMBOL_EXTENSIONS = YES;
				CLANG_ANALYZER_NONNULL = YES;
				CLANG_ANALYZER_NUMBER_OBJECT_CONVERSION = YES_AGGRESSIVE;
				CLANG_CXX_LANGUAGE_STANDARD = "gnu++20";
				CLANG_ENABLE_MODULES = YES;
				CLANG_ENABLE_OBJC_ARC = YES;
				CLANG_ENABLE_OBJC_WEAK = YES;
				CLANG_WARN_BLOCK_CAPTURE_AUTORELEASING = YES;
				CLANG_WARN_BOOL_CONVERSION = YES;
				CLANG_WARN_COMMA = YES;
				CLANG_WARN_CONSTANT_CONVERSION = YES;
				CLANG_WARN_DEPRECATED_OBJC_IMPLEMENTATIONS = YES;
				CLANG_WARN_DIRECT_OBJC_ISA_USAGE = YES_ERROR;
				CLANG_WARN_DOCUMENTATION_COMMENTS = YES;
				CLANG_WARN_EMPTY_BODY = YES;
				CLANG_WARN_ENUM_CONVERSION = YES;
				CLANG_WARN_INFINITE_RECURSION = YES;
				CLANG_WARN_INT_CONVERSION = YES;
				CLANG_WARN_NON_LITERAL_NULL_CONVERSION = YES;
				CLANG_WARN_OBJC_IMPLICIT_RETAIN_SELF = YES;
				CLANG_WARN_OBJC_LITERAL_CONVERSION = YES;
				CLANG_WARN_OBJC_ROOT_CLASS = YES_ERROR;
				CLANG_WARN_QUOTED_INCLUDE_IN_FRAMEWORK_HEADER = YES;
				CLANG_WARN_RANGE_LOOP_ANALYSIS = YES;
				CLANG_WARN_STRICT_PROTOTYPES = YES;
				CLANG_WARN_SUSPICIOUS_MOVE = YES;
				CLANG_WARN_UNGUARDED_AVAILABILITY = YES_AGGRESSIVE;
				CLANG_WARN_UNREACHABLE_CODE = YES;
				CLANG_WARN__DUPLICATE_METHOD_MATCH = YES;
				COPY_PHASE_STRIP = NO;
				DEBUG_INFORMATION_FORMAT = dwarf;
				ENABLE_STRICT_OBJC_MSGSEND = YES;
				ENABLE_TESTABILITY = YES;
				ENABLE_USER_SCRIPT_SANDBOXING = YES;
				GCC_C_LANGUAGE_STANDARD = gnu17;
				GCC_DYNAMIC_NO_PIC = NO;
				GCC_NO_COMMON_BLOCKS = YES;
				GCC_OPTIMIZATION_LEVEL = 0;
				GCC_PREPROCESSOR_DEFINITIONS = (
					"DEBUG=1",
					"$(inherited)",
				);
				GCC_WARN_64_TO_32_BIT_CONVERSION = YES;
				GCC_WARN_ABOUT_RETURN_TYPE = YES_ERROR;
				GCC_WARN_UNDECLARED_SELECTOR = YES;
				GCC_WARN_UNINITIALIZED_AUTOS = YES_AGGRESSIVE;
				GCC_WARN_UNUSED_FUNCTION = YES;
				GCC_WARN_UNUSED_VARIABLE = YES;
				IPHONEOS_DEPLOYMENT_TARGET = 17.4;
				LOCALIZATION_PREFERS_STRING_CATALOGS = YES;
				MTL_ENABLE_DEBUG_INFO = INCLUDE_SOURCE;
				MTL_FAST_MATH = YES;
				ONLY_ACTIVE_ARCH = YES;
				SDKROOT = iphoneos;
				SWIFT_ACTIVE_COMPILATION_CONDITIONS = "DEBUG $(inherited)";
				SWIFT_OPTIMIZATION_LEVEL = "-Onone";
			};
			name = Debug;
		};
		055C91542BCE1F7200DCA2AF /* Release */ = {
			isa = XCBuildConfiguration;
			buildSettings = {
				ALWAYS_SEARCH_USER_PATHS = NO;
				ASSETCATALOG_COMPILER_GENERATE_SWIFT_ASSET_SYMBOL_EXTENSIONS = YES;
				CLANG_ANALYZER_NONNULL = YES;
				CLANG_ANALYZER_NUMBER_OBJECT_CONVERSION = YES_AGGRESSIVE;
				CLANG_CXX_LANGUAGE_STANDARD = "gnu++20";
				CLANG_ENABLE_MODULES = YES;
				CLANG_ENABLE_OBJC_ARC = YES;
				CLANG_ENABLE_OBJC_WEAK = YES;
				CLANG_WARN_BLOCK_CAPTURE_AUTORELEASING = YES;
				CLANG_WARN_BOOL_CONVERSION = YES;
				CLANG_WARN_COMMA = YES;
				CLANG_WARN_CONSTANT_CONVERSION = YES;
				CLANG_WARN_DEPRECATED_OBJC_IMPLEMENTATIONS = YES;
				CLANG_WARN_DIRECT_OBJC_ISA_USAGE = YES_ERROR;
				CLANG_WARN_DOCUMENTATION_COMMENTS = YES;
				CLANG_WARN_EMPTY_BODY = YES;
				CLANG_WARN_ENUM_CONVERSION = YES;
				CLANG_WARN_INFINITE_RECURSION = YES;
				CLANG_WARN_INT_CONVERSION = YES;
				CLANG_WARN_NON_LITERAL_NULL_CONVERSION = YES;
				CLANG_WARN_OBJC_IMPLICIT_RETAIN_SELF = YES;
				CLANG_WARN_OBJC_LITERAL_CONVERSION = YES;
				CLANG_WARN_OBJC_ROOT_CLASS = YES_ERROR;
				CLANG_WARN_QUOTED_INCLUDE_IN_FRAMEWORK_HEADER = YES;
				CLANG_WARN_RANGE_LOOP_ANALYSIS = YES;
				CLANG_WARN_STRICT_PROTOTYPES = YES;
				CLANG_WARN_SUSPICIOUS_MOVE = YES;
				CLANG_WARN_UNGUARDED_AVAILABILITY = YES_AGGRESSIVE;
				CLANG_WARN_UNREACHABLE_CODE = YES;
				CLANG_WARN__DUPLICATE_METHOD_MATCH = YES;
				COPY_PHASE_STRIP = NO;
				DEBUG_INFORMATION_FORMAT = "dwarf-with-dsym";
				ENABLE_NS_ASSERTIONS = NO;
				ENABLE_STRICT_OBJC_MSGSEND = YES;
				ENABLE_USER_SCRIPT_SANDBOXING = YES;
				GCC_C_LANGUAGE_STANDARD = gnu17;
				GCC_NO_COMMON_BLOCKS = YES;
				GCC_WARN_64_TO_32_BIT_CONVERSION = YES;
				GCC_WARN_ABOUT_RETURN_TYPE = YES_ERROR;
				GCC_WARN_UNDECLARED_SELECTOR = YES;
				GCC_WARN_UNINITIALIZED_AUTOS = YES_AGGRESSIVE;
				GCC_WARN_UNUSED_FUNCTION = YES;
				GCC_WARN_UNUSED_VARIABLE = YES;
				IPHONEOS_DEPLOYMENT_TARGET = 17.4;
				LOCALIZATION_PREFERS_STRING_CATALOGS = YES;
				MTL_ENABLE_DEBUG_INFO = NO;
				MTL_FAST_MATH = YES;
				SDKROOT = iphoneos;
				SWIFT_COMPILATION_MODE = wholemodule;
				VALIDATE_PRODUCT = YES;
			};
			name = Release;
		};
		055C91562BCE1F7200DCA2AF /* Debug */ = {
			isa = XCBuildConfiguration;
			buildSettings = {
				ASSETCATALOG_COMPILER_APPICON_NAME = AppIcon;
				ASSETCATALOG_COMPILER_GLOBAL_ACCENT_COLOR_NAME = AccentColor;
				CODE_SIGN_STYLE = Automatic;
				CURRENT_PROJECT_VERSION = 1;
				DEVELOPMENT_TEAM = L8WFLHVUYX;
				GENERATE_INFOPLIST_FILE = YES;
				INFOPLIST_FILE = MyUIStackView/Info.plist;
				INFOPLIST_KEY_UIApplicationSupportsIndirectInputEvents = YES;
				INFOPLIST_KEY_UILaunchStoryboardName = LaunchScreen;
				INFOPLIST_KEY_UIMainStoryboardFile = Main;
				INFOPLIST_KEY_UISupportedInterfaceOrientations_iPad = "UIInterfaceOrientationPortrait UIInterfaceOrientationPortraitUpsideDown UIInterfaceOrientationLandscapeLeft UIInterfaceOrientationLandscapeRight";
				INFOPLIST_KEY_UISupportedInterfaceOrientations_iPhone = "UIInterfaceOrientationPortrait UIInterfaceOrientationLandscapeLeft UIInterfaceOrientationLandscapeRight";
				IPHONEOS_DEPLOYMENT_TARGET = 16.0;
				LD_RUNPATH_SEARCH_PATHS = (
					"$(inherited)",
					"@executable_path/Frameworks",
				);
				MARKETING_VERSION = 1.0;
				PRODUCT_BUNDLE_IDENTIFIER = com.example.MyUIStackView;
				PRODUCT_NAME = "$(TARGET_NAME)";
				SWIFT_EMIT_LOC_STRINGS = YES;
				SWIFT_VERSION = 5.0;
				TARGETED_DEVICE_FAMILY = "1,2";
			};
			name = Debug;
		};
		055C91572BCE1F7200DCA2AF /* Release */ = {
			isa = XCBuildConfiguration;
			buildSettings = {
				ASSETCATALOG_COMPILER_APPICON_NAME = AppIcon;
				ASSETCATALOG_COMPILER_GLOBAL_ACCENT_COLOR_NAME = AccentColor;
				CODE_SIGN_STYLE = Automatic;
				CURRENT_PROJECT_VERSION = 1;
				DEVELOPMENT_TEAM = L8WFLHVUYX;
				GENERATE_INFOPLIST_FILE = YES;
				INFOPLIST_FILE = MyUIStackView/Info.plist;
				INFOPLIST_KEY_UIApplicationSupportsIndirectInputEvents = YES;
				INFOPLIST_KEY_UILaunchStoryboardName = LaunchScreen;
				INFOPLIST_KEY_UIMainStoryboardFile = Main;
				INFOPLIST_KEY_UISupportedInterfaceOrientations_iPad = "UIInterfaceOrientationPortrait UIInterfaceOrientationPortraitUpsideDown UIInterfaceOrientationLandscapeLeft UIInterfaceOrientationLandscapeRight";
				INFOPLIST_KEY_UISupportedInterfaceOrientations_iPhone = "UIInterfaceOrientationPortrait UIInterfaceOrientationLandscapeLeft UIInterfaceOrientationLandscapeRight";
				IPHONEOS_DEPLOYMENT_TARGET = 16.0;
				LD_RUNPATH_SEARCH_PATHS = (
					"$(inherited)",
					"@executable_path/Frameworks",
				);
				MARKETING_VERSION = 1.0;
				PRODUCT_BUNDLE_IDENTIFIER = com.example.MyUIStackView;
				PRODUCT_NAME = "$(TARGET_NAME)";
				SWIFT_EMIT_LOC_STRINGS = YES;
				SWIFT_VERSION = 5.0;
				TARGETED_DEVICE_FAMILY = "1,2";
			};
			name = Release;
		};
/* End XCBuildConfiguration section */

/* Begin XCConfigurationList section */
		055C913C2BCE1F6F00DCA2AF /* Build configuration list for PBXProject "MyUIStackView" */ = {
			isa = XCConfigurationList;
			buildConfigurations = (
				055C91532BCE1F7200DCA2AF /* Debug */,
				055C91542BCE1F7200DCA2AF /* Release */,
			);
			defaultConfigurationIsVisible = 0;
			defaultConfigurationName = Release;
		};
		055C91552BCE1F7200DCA2AF /* Build configuration list for PBXNativeTarget "MyUIStackView" */ = {
			isa = XCConfigurationList;
			buildConfigurations = (
				055C91562BCE1F7200DCA2AF /* Debug */,
				055C91572BCE1F7200DCA2AF /* Release */,
			);
			defaultConfigurationIsVisible = 0;
			defaultConfigurationName = Release;
		};
/* End XCConfigurationList section */

/* Begin XCRemoteSwiftPackageReference section */
		055C91612BCE5D4800DCA2AF /* XCRemoteSwiftPackageReference "SnapKit" */ = {
			isa = XCRemoteSwiftPackageReference;
			repositoryURL = "https://github.com/SnapKit/SnapKit";
			requirement = {
				kind = upToNextMajorVersion;
				minimumVersion = 5.7.1;
			};
		};
/* End XCRemoteSwiftPackageReference section */

/* Begin XCSwiftPackageProductDependency section */
		055C91622BCE5D4800DCA2AF /* SnapKit-Dynamic */ = {
			isa = XCSwiftPackageProductDependency;
			package = 055C91612BCE5D4800DCA2AF /* XCRemoteSwiftPackageReference "SnapKit" */;
			productName = "SnapKit-Dynamic";
		};
/* End XCSwiftPackageProductDependency section */
	};
	rootObject = 055C91392BCE1F6F00DCA2AF /* Project object */;
}
