// !$*UTF8*$!
{
	archiveVersion = 1;
	classes = {
	};
	objectVersion = 55;
	objects = {

/* Begin PBXBuildFile section */
		05678DAD2884549B00F06901 /* unknown.jpg in Resources */ = {isa = PBXBuildFile; fileRef = 05678DAC2884549B00F06901 /* unknown.jpg */; };
		05678DAF2884565200F06901 /* CocobeanPanGesture.swift in Sources */ = {isa = PBXBuildFile; fileRef = 05678DAE2884565200F06901 /* CocobeanPanGesture.swift */; };
		05678DB12884592F00F06901 /* coffee.jpg in Resources */ = {isa = PBXBuildFile; fileRef = 05678DB02884592F00F06901 /* coffee.jpg */; };
		05678DB32884596C00F06901 /* road.jpg in Resources */ = {isa = PBXBuildFile; fileRef = 05678DB22884596C00F06901 /* road.jpg */; };
		05678DB52884E1E300F06901 /* UIViewExtension.swift in Sources */ = {isa = PBXBuildFile; fileRef = 05678DB42884E1E300F06901 /* UIViewExtension.swift */; };
		05678DB72884E65600F06901 /* CocobeanTapGesture.swift in Sources */ = {isa = PBXBuildFile; fileRef = 05678DB62884E65600F06901 /* CocobeanTapGesture.swift */; };
		0581AB7C288407DA00E1C353 /* AppDelegate.swift in Sources */ = {isa = PBXBuildFile; fileRef = 0581AB7B288407DA00E1C353 /* AppDelegate.swift */; };
		0581AB7E288407DA00E1C353 /* SceneDelegate.swift in Sources */ = {isa = PBXBuildFile; fileRef = 0581AB7D288407DA00E1C353 /* SceneDelegate.swift */; };
		0581AB80288407DA00E1C353 /* ViewController.swift in Sources */ = {isa = PBXBuildFile; fileRef = 0581AB7F288407DA00E1C353 /* ViewController.swift */; };
		0581AB83288407DA00E1C353 /* Main.storyboard in Resources */ = {isa = PBXBuildFile; fileRef = 0581AB81288407DA00E1C353 /* Main.storyboard */; };
		0581AB85288407DB00E1C353 /* Assets.xcassets in Resources */ = {isa = PBXBuildFile; fileRef = 0581AB84288407DB00E1C353 /* Assets.xcassets */; };
		0581AB88288407DB00E1C353 /* LaunchScreen.storyboard in Resources */ = {isa = PBXBuildFile; fileRef = 0581AB86288407DB00E1C353 /* LaunchScreen.storyboard */; };
		0581AB902884085100E1C353 /* city.jpg in Resources */ = {isa = PBXBuildFile; fileRef = 0581AB8F2884085100E1C353 /* city.jpg */; };
		0581AB922884092800E1C353 /* minc.png in Resources */ = {isa = PBXBuildFile; fileRef = 0581AB912884092800E1C353 /* minc.png */; };
		0581AB9428843E9D00E1C353 /* UIImageViewExtension.swift in Sources */ = {isa = PBXBuildFile; fileRef = 0581AB9328843E9D00E1C353 /* UIImageViewExtension.swift */; };
		0581AB9A28844E4300E1C353 /* jar2.jpg in Resources */ = {isa = PBXBuildFile; fileRef = 0581AB9528844E4300E1C353 /* jar2.jpg */; };
		0581AB9B28844E4300E1C353 /* hana.png in Resources */ = {isa = PBXBuildFile; fileRef = 0581AB9628844E4300E1C353 /* hana.png */; };
		0581AB9C28844E4300E1C353 /* simple.jpg in Resources */ = {isa = PBXBuildFile; fileRef = 0581AB9728844E4300E1C353 /* simple.jpg */; };
		0581AB9D28844E4300E1C353 /* jar1.jpg in Resources */ = {isa = PBXBuildFile; fileRef = 0581AB9828844E4300E1C353 /* jar1.jpg */; };
		0581AB9E28844E4300E1C353 /* jar3.jpg in Resources */ = {isa = PBXBuildFile; fileRef = 0581AB9928844E4300E1C353 /* jar3.jpg */; };
/* End PBXBuildFile section */

/* Begin PBXFileReference section */
		05678DAC2884549B00F06901 /* unknown.jpg */ = {isa = PBXFileReference; lastKnownFileType = image.jpeg; path = unknown.jpg; sourceTree = "<group>"; };
		05678DAE2884565200F06901 /* CocobeanPanGesture.swift */ = {isa = PBXFileReference; lastKnownFileType = sourcecode.swift; path = CocobeanPanGesture.swift; sourceTree = "<group>"; };
		05678DB02884592F00F06901 /* coffee.jpg */ = {isa = PBXFileReference; lastKnownFileType = image.jpeg; path = coffee.jpg; sourceTree = "<group>"; };
		05678DB22884596C00F06901 /* road.jpg */ = {isa = PBXFileReference; lastKnownFileType = image.jpeg; path = road.jpg; sourceTree = "<group>"; };
		05678DB42884E1E300F06901 /* UIViewExtension.swift */ = {isa = PBXFileReference; lastKnownFileType = sourcecode.swift; path = UIViewExtension.swift; sourceTree = "<group>"; };
		05678DB62884E65600F06901 /* CocobeanTapGesture.swift */ = {isa = PBXFileReference; lastKnownFileType = sourcecode.swift; path = CocobeanTapGesture.swift; sourceTree = "<group>"; };
		0581AB78288407DA00E1C353 /* MyInstaImagePicker.app */ = {isa = PBXFileReference; explicitFileType = wrapper.application; includeInIndex = 0; path = MyInstaImagePicker.app; sourceTree = BUILT_PRODUCTS_DIR; };
		0581AB7B288407DA00E1C353 /* AppDelegate.swift */ = {isa = PBXFileReference; lastKnownFileType = sourcecode.swift; path = AppDelegate.swift; sourceTree = "<group>"; };
		0581AB7D288407DA00E1C353 /* SceneDelegate.swift */ = {isa = PBXFileReference; lastKnownFileType = sourcecode.swift; path = SceneDelegate.swift; sourceTree = "<group>"; };
		0581AB7F288407DA00E1C353 /* ViewController.swift */ = {isa = PBXFileReference; lastKnownFileType = sourcecode.swift; path = ViewController.swift; sourceTree = "<group>"; };
		0581AB82288407DA00E1C353 /* Base */ = {isa = PBXFileReference; lastKnownFileType = file.storyboard; name = Base; path = Base.lproj/Main.storyboard; sourceTree = "<group>"; };
		0581AB84288407DB00E1C353 /* Assets.xcassets */ = {isa = PBXFileReference; lastKnownFileType = folder.assetcatalog; path = Assets.xcassets; sourceTree = "<group>"; };
		0581AB87288407DB00E1C353 /* Base */ = {isa = PBXFileReference; lastKnownFileType = file.storyboard; name = Base; path = Base.lproj/LaunchScreen.storyboard; sourceTree = "<group>"; };
		0581AB89288407DB00E1C353 /* Info.plist */ = {isa = PBXFileReference; lastKnownFileType = text.plist.xml; path = Info.plist; sourceTree = "<group>"; };
		0581AB8F2884085100E1C353 /* city.jpg */ = {isa = PBXFileReference; lastKnownFileType = image.jpeg; path = city.jpg; sourceTree = "<group>"; };
		0581AB912884092800E1C353 /* minc.png */ = {isa = PBXFileReference; lastKnownFileType = image.png; path = minc.png; sourceTree = "<group>"; };
		0581AB9328843E9D00E1C353 /* UIImageViewExtension.swift */ = {isa = PBXFileReference; lastKnownFileType = sourcecode.swift; path = UIImageViewExtension.swift; sourceTree = "<group>"; };
		0581AB9528844E4300E1C353 /* jar2.jpg */ = {isa = PBXFileReference; lastKnownFileType = image.jpeg; path = jar2.jpg; sourceTree = "<group>"; };
		0581AB9628844E4300E1C353 /* hana.png */ = {isa = PBXFileReference; lastKnownFileType = image.png; path = hana.png; sourceTree = "<group>"; };
		0581AB9728844E4300E1C353 /* simple.jpg */ = {isa = PBXFileReference; lastKnownFileType = image.jpeg; path = simple.jpg; sourceTree = "<group>"; };
		0581AB9828844E4300E1C353 /* jar1.jpg */ = {isa = PBXFileReference; lastKnownFileType = image.jpeg; path = jar1.jpg; sourceTree = "<group>"; };
		0581AB9928844E4300E1C353 /* jar3.jpg */ = {isa = PBXFileReference; lastKnownFileType = image.jpeg; path = jar3.jpg; sourceTree = "<group>"; };
/* End PBXFileReference section */

/* Begin PBXFrameworksBuildPhase section */
		0581AB75288407DA00E1C353 /* Frameworks */ = {
			isa = PBXFrameworksBuildPhase;
			buildActionMask = 2147483647;
			files = (
			);
			runOnlyForDeploymentPostprocessing = 0;
		};
/* End PBXFrameworksBuildPhase section */

/* Begin PBXGroup section */
		0581AB6F288407DA00E1C353 = {
			isa = PBXGroup;
			children = (
				0581AB7A288407DA00E1C353 /* MyInstaImagePicker */,
				0581AB79288407DA00E1C353 /* Products */,
			);
			sourceTree = "<group>";
		};
		0581AB79288407DA00E1C353 /* Products */ = {
			isa = PBXGroup;
			children = (
				0581AB78288407DA00E1C353 /* MyInstaImagePicker.app */,
			);
			name = Products;
			sourceTree = "<group>";
		};
		0581AB7A288407DA00E1C353 /* MyInstaImagePicker */ = {
			isa = PBXGroup;
			children = (
				0581AB7B288407DA00E1C353 /* AppDelegate.swift */,
				0581AB7D288407DA00E1C353 /* SceneDelegate.swift */,
				0581AB7F288407DA00E1C353 /* ViewController.swift */,
				0581AB81288407DA00E1C353 /* Main.storyboard */,
				0581AB86288407DB00E1C353 /* LaunchScreen.storyboard */,
				0581AB84288407DB00E1C353 /* Assets.xcassets */,
				0581AB89288407DB00E1C353 /* Info.plist */,
				0581AB9328843E9D00E1C353 /* UIImageViewExtension.swift */,
				05678DAE2884565200F06901 /* CocobeanPanGesture.swift */,
				05678DB62884E65600F06901 /* CocobeanTapGesture.swift */,
				05678DB42884E1E300F06901 /* UIViewExtension.swift */,
				0581AB8F2884085100E1C353 /* city.jpg */,
				0581AB912884092800E1C353 /* minc.png */,
				0581AB9628844E4300E1C353 /* hana.png */,
				0581AB9828844E4300E1C353 /* jar1.jpg */,
				0581AB9528844E4300E1C353 /* jar2.jpg */,
				0581AB9928844E4300E1C353 /* jar3.jpg */,
				0581AB9728844E4300E1C353 /* simple.jpg */,
				05678DAC2884549B00F06901 /* unknown.jpg */,
				05678DB02884592F00F06901 /* coffee.jpg */,
				05678DB22884596C00F06901 /* road.jpg */,
			);
			path = MyInstaImagePicker;
			sourceTree = "<group>";
		};
/* End PBXGroup section */

/* Begin PBXNativeTarget section */
		0581AB77288407DA00E1C353 /* MyInstaImagePicker */ = {
			isa = PBXNativeTarget;
			buildConfigurationList = 0581AB8C288407DB00E1C353 /* Build configuration list for PBXNativeTarget "MyInstaImagePicker" */;
			buildPhases = (
				0581AB74288407DA00E1C353 /* Sources */,
				0581AB75288407DA00E1C353 /* Frameworks */,
				0581AB76288407DA00E1C353 /* Resources */,
			);
			buildRules = (
			);
			dependencies = (
			);
			name = MyInstaImagePicker;
			productName = MyInstaImagePicker;
			productReference = 0581AB78288407DA00E1C353 /* MyInstaImagePicker.app */;
			productType = "com.apple.product-type.application";
		};
/* End PBXNativeTarget section */

/* Begin PBXProject section */
		0581AB70288407DA00E1C353 /* Project object */ = {
			isa = PBXProject;
			attributes = {
				BuildIndependentTargetsInParallel = 1;
				LastSwiftUpdateCheck = 1340;
				LastUpgradeCheck = 1340;
				TargetAttributes = {
					0581AB77288407DA00E1C353 = {
						CreatedOnToolsVersion = 13.4.1;
					};
				};
			};
			buildConfigurationList = 0581AB73288407DA00E1C353 /* Build configuration list for PBXProject "MyInstaImagePicker" */;
			compatibilityVersion = "Xcode 13.0";
			developmentRegion = en;
			hasScannedForEncodings = 0;
			knownRegions = (
				en,
				Base,
			);
			mainGroup = 0581AB6F288407DA00E1C353;
			productRefGroup = 0581AB79288407DA00E1C353 /* Products */;
			projectDirPath = "";
			projectRoot = "";
			targets = (
				0581AB77288407DA00E1C353 /* MyInstaImagePicker */,
			);
		};
/* End PBXProject section */

/* Begin PBXResourcesBuildPhase section */
		0581AB76288407DA00E1C353 /* Resources */ = {
			isa = PBXResourcesBuildPhase;
			buildActionMask = 2147483647;
			files = (
				05678DAD2884549B00F06901 /* unknown.jpg in Resources */,
				0581AB902884085100E1C353 /* city.jpg in Resources */,
				0581AB9E28844E4300E1C353 /* jar3.jpg in Resources */,
				05678DB32884596C00F06901 /* road.jpg in Resources */,
				0581AB922884092800E1C353 /* minc.png in Resources */,
				0581AB88288407DB00E1C353 /* LaunchScreen.storyboard in Resources */,
				0581AB9C28844E4300E1C353 /* simple.jpg in Resources */,
				0581AB9D28844E4300E1C353 /* jar1.jpg in Resources */,
				0581AB85288407DB00E1C353 /* Assets.xcassets in Resources */,
				0581AB9A28844E4300E1C353 /* jar2.jpg in Resources */,
				05678DB12884592F00F06901 /* coffee.jpg in Resources */,
				0581AB83288407DA00E1C353 /* Main.storyboard in Resources */,
				0581AB9B28844E4300E1C353 /* hana.png in Resources */,
			);
			runOnlyForDeploymentPostprocessing = 0;
		};
/* End PBXResourcesBuildPhase section */

/* Begin PBXSourcesBuildPhase section */
		0581AB74288407DA00E1C353 /* Sources */ = {
			isa = PBXSourcesBuildPhase;
			buildActionMask = 2147483647;
			files = (
				05678DB52884E1E300F06901 /* UIViewExtension.swift in Sources */,
				05678DAF2884565200F06901 /* CocobeanPanGesture.swift in Sources */,
				0581AB80288407DA00E1C353 /* ViewController.swift in Sources */,
				05678DB72884E65600F06901 /* CocobeanTapGesture.swift in Sources */,
				0581AB7C288407DA00E1C353 /* AppDelegate.swift in Sources */,
				0581AB9428843E9D00E1C353 /* UIImageViewExtension.swift in Sources */,
				0581AB7E288407DA00E1C353 /* SceneDelegate.swift in Sources */,
			);
			runOnlyForDeploymentPostprocessing = 0;
		};
/* End PBXSourcesBuildPhase section */

/* Begin PBXVariantGroup section */
		0581AB81288407DA00E1C353 /* Main.storyboard */ = {
			isa = PBXVariantGroup;
			children = (
				0581AB82288407DA00E1C353 /* Base */,
			);
			name = Main.storyboard;
			sourceTree = "<group>";
		};
		0581AB86288407DB00E1C353 /* LaunchScreen.storyboard */ = {
			isa = PBXVariantGroup;
			children = (
				0581AB87288407DB00E1C353 /* Base */,
			);
			name = LaunchScreen.storyboard;
			sourceTree = "<group>";
		};
/* End PBXVariantGroup section */

/* Begin XCBuildConfiguration section */
		0581AB8A288407DB00E1C353 /* Debug */ = {
			isa = XCBuildConfiguration;
			buildSettings = {
				ALWAYS_SEARCH_USER_PATHS = NO;
				CLANG_ANALYZER_NONNULL = YES;
				CLANG_ANALYZER_NUMBER_OBJECT_CONVERSION = YES_AGGRESSIVE;
				CLANG_CXX_LANGUAGE_STANDARD = "gnu++17";
				CLANG_ENABLE_MODULES = YES;
				CLANG_ENABLE_OBJC_ARC = YES;
				CLANG_ENABLE_OBJC_WEAK = YES;
				CLANG_WARN_BLOCK_CAPTURE_AUTORELEASING = YES;
				CLANG_WARN_BOOL_CONVERSION = YES;
				CLANG_WARN_COMMA = YES;
				CLANG_WARN_CONSTANT_CONVERSION = YES;
				CLANG_WARN_DEPRECATED_OBJC_IMPLEMENTATIONS = YES;
				CLANG_WARN_DIRECT_OBJC_ISA_USAGE = YES_ERROR;
				CLANG_WARN_DOCUMENTATION_COMMENTS = YES;
				CLANG_WARN_EMPTY_BODY = YES;
				CLANG_WARN_ENUM_CONVERSION = YES;
				CLANG_WARN_INFINITE_RECURSION = YES;
				CLANG_WARN_INT_CONVERSION = YES;
				CLANG_WARN_NON_LITERAL_NULL_CONVERSION = YES;
				CLANG_WARN_OBJC_IMPLICIT_RETAIN_SELF = YES;
				CLANG_WARN_OBJC_LITERAL_CONVERSION = YES;
				CLANG_WARN_OBJC_ROOT_CLASS = YES_ERROR;
				CLANG_WARN_QUOTED_INCLUDE_IN_FRAMEWORK_HEADER = YES;
				CLANG_WARN_RANGE_LOOP_ANALYSIS = YES;
				CLANG_WARN_STRICT_PROTOTYPES = YES;
				CLANG_WARN_SUSPICIOUS_MOVE = YES;
				CLANG_WARN_UNGUARDED_AVAILABILITY = YES_AGGRESSIVE;
				CLANG_WARN_UNREACHABLE_CODE = YES;
				CLANG_WARN__DUPLICATE_METHOD_MATCH = YES;
				COPY_PHASE_STRIP = NO;
				DEBUG_INFORMATION_FORMAT = dwarf;
				ENABLE_STRICT_OBJC_MSGSEND = YES;
				ENABLE_TESTABILITY = YES;
				GCC_C_LANGUAGE_STANDARD = gnu11;
				GCC_DYNAMIC_NO_PIC = NO;
				GCC_NO_COMMON_BLOCKS = YES;
				GCC_OPTIMIZATION_LEVEL = 0;
				GCC_PREPROCESSOR_DEFINITIONS = (
					"DEBUG=1",
					"$(inherited)",
				);
				GCC_WARN_64_TO_32_BIT_CONVERSION = YES;
				GCC_WARN_ABOUT_RETURN_TYPE = YES_ERROR;
				GCC_WARN_UNDECLARED_SELECTOR = YES;
				GCC_WARN_UNINITIALIZED_AUTOS = YES_AGGRESSIVE;
				GCC_WARN_UNUSED_FUNCTION = YES;
				GCC_WARN_UNUSED_VARIABLE = YES;
				IPHONEOS_DEPLOYMENT_TARGET = 15.5;
				MTL_ENABLE_DEBUG_INFO = INCLUDE_SOURCE;
				MTL_FAST_MATH = YES;
				ONLY_ACTIVE_ARCH = YES;
				SDKROOT = iphoneos;
				SWIFT_ACTIVE_COMPILATION_CONDITIONS = DEBUG;
				SWIFT_OPTIMIZATION_LEVEL = "-Onone";
			};
			name = Debug;
		};
		0581AB8B288407DB00E1C353 /* Release */ = {
			isa = XCBuildConfiguration;
			buildSettings = {
				ALWAYS_SEARCH_USER_PATHS = NO;
				CLANG_ANALYZER_NONNULL = YES;
				CLANG_ANALYZER_NUMBER_OBJECT_CONVERSION = YES_AGGRESSIVE;
				CLANG_CXX_LANGUAGE_STANDARD = "gnu++17";
				CLANG_ENABLE_MODULES = YES;
				CLANG_ENABLE_OBJC_ARC = YES;
				CLANG_ENABLE_OBJC_WEAK = YES;
				CLANG_WARN_BLOCK_CAPTURE_AUTORELEASING = YES;
				CLANG_WARN_BOOL_CONVERSION = YES;
				CLANG_WARN_COMMA = YES;
				CLANG_WARN_CONSTANT_CONVERSION = YES;
				CLANG_WARN_DEPRECATED_OBJC_IMPLEMENTATIONS = YES;
				CLANG_WARN_DIRECT_OBJC_ISA_USAGE = YES_ERROR;
				CLANG_WARN_DOCUMENTATION_COMMENTS = YES;
				CLANG_WARN_EMPTY_BODY = YES;
				CLANG_WARN_ENUM_CONVERSION = YES;
				CLANG_WARN_INFINITE_RECURSION = YES;
				CLANG_WARN_INT_CONVERSION = YES;
				CLANG_WARN_NON_LITERAL_NULL_CONVERSION = YES;
				CLANG_WARN_OBJC_IMPLICIT_RETAIN_SELF = YES;
				CLANG_WARN_OBJC_LITERAL_CONVERSION = YES;
				CLANG_WARN_OBJC_ROOT_CLASS = YES_ERROR;
				CLANG_WARN_QUOTED_INCLUDE_IN_FRAMEWORK_HEADER = YES;
				CLANG_WARN_RANGE_LOOP_ANALYSIS = YES;
				CLANG_WARN_STRICT_PROTOTYPES = YES;
				CLANG_WARN_SUSPICIOUS_MOVE = YES;
				CLANG_WARN_UNGUARDED_AVAILABILITY = YES_AGGRESSIVE;
				CLANG_WARN_UNREACHABLE_CODE = YES;
				CLANG_WARN__DUPLICATE_METHOD_MATCH = YES;
				COPY_PHASE_STRIP = NO;
				DEBUG_INFORMATION_FORMAT = "dwarf-with-dsym";
				ENABLE_NS_ASSERTIONS = NO;
				ENABLE_STRICT_OBJC_MSGSEND = YES;
				GCC_C_LANGUAGE_STANDARD = gnu11;
				GCC_NO_COMMON_BLOCKS = YES;
				GCC_WARN_64_TO_32_BIT_CONVERSION = YES;
				GCC_WARN_ABOUT_RETURN_TYPE = YES_ERROR;
				GCC_WARN_UNDECLARED_SELECTOR = YES;
				GCC_WARN_UNINITIALIZED_AUTOS = YES_AGGRESSIVE;
				GCC_WARN_UNUSED_FUNCTION = YES;
				GCC_WARN_UNUSED_VARIABLE = YES;
				IPHONEOS_DEPLOYMENT_TARGET = 15.5;
				MTL_ENABLE_DEBUG_INFO = NO;
				MTL_FAST_MATH = YES;
				SDKROOT = iphoneos;
				SWIFT_COMPILATION_MODE = wholemodule;
				SWIFT_OPTIMIZATION_LEVEL = "-O";
				VALIDATE_PRODUCT = YES;
			};
			name = Release;
		};
		0581AB8D288407DB00E1C353 /* Debug */ = {
			isa = XCBuildConfiguration;
			buildSettings = {
				ASSETCATALOG_COMPILER_APPICON_NAME = AppIcon;
				ASSETCATALOG_COMPILER_GLOBAL_ACCENT_COLOR_NAME = AccentColor;
				CODE_SIGN_STYLE = Automatic;
				CURRENT_PROJECT_VERSION = 1;
				DEVELOPMENT_TEAM = K3T4DBPF55;
				GENERATE_INFOPLIST_FILE = YES;
				INFOPLIST_FILE = MyInstaImagePicker/Info.plist;
				INFOPLIST_KEY_UIApplicationSupportsIndirectInputEvents = YES;
				INFOPLIST_KEY_UILaunchStoryboardName = LaunchScreen;
				INFOPLIST_KEY_UIMainStoryboardFile = Main;
				INFOPLIST_KEY_UISupportedInterfaceOrientations_iPad = "UIInterfaceOrientationPortrait UIInterfaceOrientationPortraitUpsideDown UIInterfaceOrientationLandscapeLeft UIInterfaceOrientationLandscapeRight";
				INFOPLIST_KEY_UISupportedInterfaceOrientations_iPhone = "UIInterfaceOrientationPortrait UIInterfaceOrientationLandscapeLeft UIInterfaceOrientationLandscapeRight";
				LD_RUNPATH_SEARCH_PATHS = (
					"$(inherited)",
					"@executable_path/Frameworks",
				);
				MARKETING_VERSION = 1.0;
				PRODUCT_BUNDLE_IDENTIFIER = com.example.MyInstaImagePicker;
				PRODUCT_NAME = "$(TARGET_NAME)";
				SWIFT_EMIT_LOC_STRINGS = YES;
				SWIFT_VERSION = 5.0;
				TARGETED_DEVICE_FAMILY = "1,2";
			};
			name = Debug;
		};
		0581AB8E288407DB00E1C353 /* Release */ = {
			isa = XCBuildConfiguration;
			buildSettings = {
				ASSETCATALOG_COMPILER_APPICON_NAME = AppIcon;
				ASSETCATALOG_COMPILER_GLOBAL_ACCENT_COLOR_NAME = AccentColor;
				CODE_SIGN_STYLE = Automatic;
				CURRENT_PROJECT_VERSION = 1;
				DEVELOPMENT_TEAM = K3T4DBPF55;
				GENERATE_INFOPLIST_FILE = YES;
				INFOPLIST_FILE = MyInstaImagePicker/Info.plist;
				INFOPLIST_KEY_UIApplicationSupportsIndirectInputEvents = YES;
				INFOPLIST_KEY_UILaunchStoryboardName = LaunchScreen;
				INFOPLIST_KEY_UIMainStoryboardFile = Main;
				INFOPLIST_KEY_UISupportedInterfaceOrientations_iPad = "UIInterfaceOrientationPortrait UIInterfaceOrientationPortraitUpsideDown UIInterfaceOrientationLandscapeLeft UIInterfaceOrientationLandscapeRight";
				INFOPLIST_KEY_UISupportedInterfaceOrientations_iPhone = "UIInterfaceOrientationPortrait UIInterfaceOrientationLandscapeLeft UIInterfaceOrientationLandscapeRight";
				LD_RUNPATH_SEARCH_PATHS = (
					"$(inherited)",
					"@executable_path/Frameworks",
				);
				MARKETING_VERSION = 1.0;
				PRODUCT_BUNDLE_IDENTIFIER = com.example.MyInstaImagePicker;
				PRODUCT_NAME = "$(TARGET_NAME)";
				SWIFT_EMIT_LOC_STRINGS = YES;
				SWIFT_VERSION = 5.0;
				TARGETED_DEVICE_FAMILY = "1,2";
			};
			name = Release;
		};
/* End XCBuildConfiguration section */

/* Begin XCConfigurationList section */
		0581AB73288407DA00E1C353 /* Build configuration list for PBXProject "MyInstaImagePicker" */ = {
			isa = XCConfigurationList;
			buildConfigurations = (
				0581AB8A288407DB00E1C353 /* Debug */,
				0581AB8B288407DB00E1C353 /* Release */,
			);
			defaultConfigurationIsVisible = 0;
			defaultConfigurationName = Release;
		};
		0581AB8C288407DB00E1C353 /* Build configuration list for PBXNativeTarget "MyInstaImagePicker" */ = {
			isa = XCConfigurationList;
			buildConfigurations = (
				0581AB8D288407DB00E1C353 /* Debug */,
				0581AB8E288407DB00E1C353 /* Release */,
			);
			defaultConfigurationIsVisible = 0;
			defaultConfigurationName = Release;
		};
/* End XCConfigurationList section */
	};
	rootObject = 0581AB70288407DA00E1C353 /* Project object */;
}
