// !$*UTF8*$!
{
	archiveVersion = 1;
	classes = {
	};
	objectVersion = 55;
	objects = {

/* Begin PBXBuildFile section */
		602339902877F7D600E35844 /* AppDelegate.swift in Sources */ = {isa = PBXBuildFile; fileRef = 6023398F2877F7D600E35844 /* AppDelegate.swift */; };
		602339922877F7D600E35844 /* SceneDelegate.swift in Sources */ = {isa = PBXBuildFile; fileRef = 602339912877F7D600E35844 /* SceneDelegate.swift */; };
		602339942877F7D600E35844 /* ViewController.swift in Sources */ = {isa = PBXBuildFile; fileRef = 602339932877F7D600E35844 /* ViewController.swift */; };
		602339972877F7D600E35844 /* Main.storyboard in Resources */ = {isa = PBXBuildFile; fileRef = 602339952877F7D600E35844 /* Main.storyboard */; };
		602339992877F7D700E35844 /* Assets.xcassets in Resources */ = {isa = PBXBuildFile; fileRef = 602339982877F7D700E35844 /* Assets.xcassets */; };
		6023399C2877F7D700E35844 /* LaunchScreen.storyboard in Resources */ = {isa = PBXBuildFile; fileRef = 6023399A2877F7D700E35844 /* LaunchScreen.storyboard */; };
		602339A628781DCE00E35844 /* SocketIOManager.swift in Sources */ = {isa = PBXBuildFile; fileRef = 602339A528781DCE00E35844 /* SocketIOManager.swift */; };
		74F33A8C69D32A1D4D514B34 /* Pods_MyWebSocket.framework in Frameworks */ = {isa = PBXBuildFile; fileRef = D889EDE0CC42DC9A302FB6FB /* Pods_MyWebSocket.framework */; };
/* End PBXBuildFile section */

/* Begin PBXFileReference section */
		3C8E832007230B6F36011AB6 /* Pods-MyWebSocket.release.xcconfig */ = {isa = PBXFileReference; includeInIndex = 1; lastKnownFileType = text.xcconfig; name = "Pods-MyWebSocket.release.xcconfig"; path = "Target Support Files/Pods-MyWebSocket/Pods-MyWebSocket.release.xcconfig"; sourceTree = "<group>"; };
		6023398C2877F7D600E35844 /* MyWebSocket.app */ = {isa = PBXFileReference; explicitFileType = wrapper.application; includeInIndex = 0; path = MyWebSocket.app; sourceTree = BUILT_PRODUCTS_DIR; };
		6023398F2877F7D600E35844 /* AppDelegate.swift */ = {isa = PBXFileReference; lastKnownFileType = sourcecode.swift; path = AppDelegate.swift; sourceTree = "<group>"; };
		602339912877F7D600E35844 /* SceneDelegate.swift */ = {isa = PBXFileReference; lastKnownFileType = sourcecode.swift; path = SceneDelegate.swift; sourceTree = "<group>"; };
		602339932877F7D600E35844 /* ViewController.swift */ = {isa = PBXFileReference; lastKnownFileType = sourcecode.swift; path = ViewController.swift; sourceTree = "<group>"; };
		602339962877F7D600E35844 /* Base */ = {isa = PBXFileReference; lastKnownFileType = file.storyboard; name = Base; path = Base.lproj/Main.storyboard; sourceTree = "<group>"; };
		602339982877F7D700E35844 /* Assets.xcassets */ = {isa = PBXFileReference; lastKnownFileType = folder.assetcatalog; path = Assets.xcassets; sourceTree = "<group>"; };
		6023399B2877F7D700E35844 /* Base */ = {isa = PBXFileReference; lastKnownFileType = file.storyboard; name = Base; path = Base.lproj/LaunchScreen.storyboard; sourceTree = "<group>"; };
		6023399D2877F7D700E35844 /* Info.plist */ = {isa = PBXFileReference; lastKnownFileType = text.plist.xml; path = Info.plist; sourceTree = "<group>"; };
		602339A528781DCE00E35844 /* SocketIOManager.swift */ = {isa = PBXFileReference; lastKnownFileType = sourcecode.swift; path = SocketIOManager.swift; sourceTree = "<group>"; };
		D889EDE0CC42DC9A302FB6FB /* Pods_MyWebSocket.framework */ = {isa = PBXFileReference; explicitFileType = wrapper.framework; includeInIndex = 0; path = Pods_MyWebSocket.framework; sourceTree = BUILT_PRODUCTS_DIR; };
		E1617A6B4122D504738252FD /* Pods-MyWebSocket.debug.xcconfig */ = {isa = PBXFileReference; includeInIndex = 1; lastKnownFileType = text.xcconfig; name = "Pods-MyWebSocket.debug.xcconfig"; path = "Target Support Files/Pods-MyWebSocket/Pods-MyWebSocket.debug.xcconfig"; sourceTree = "<group>"; };
/* End PBXFileReference section */

/* Begin PBXFrameworksBuildPhase section */
		602339892877F7D600E35844 /* Frameworks */ = {
			isa = PBXFrameworksBuildPhase;
			buildActionMask = 2147483647;
			files = (
				74F33A8C69D32A1D4D514B34 /* Pods_MyWebSocket.framework in Frameworks */,
			);
			runOnlyForDeploymentPostprocessing = 0;
		};
/* End PBXFrameworksBuildPhase section */

/* Begin PBXGroup section */
		602339832877F7D600E35844 = {
			isa = PBXGroup;
			children = (
				6023398E2877F7D600E35844 /* MyWebSocket */,
				6023398D2877F7D600E35844 /* Products */,
				90E6FA0F85A07AE19944D98C /* Pods */,
				D619C36B1CD70B96CFF349F2 /* Frameworks */,
			);
			sourceTree = "<group>";
		};
		6023398D2877F7D600E35844 /* Products */ = {
			isa = PBXGroup;
			children = (
				6023398C2877F7D600E35844 /* MyWebSocket.app */,
			);
			name = Products;
			sourceTree = "<group>";
		};
		6023398E2877F7D600E35844 /* MyWebSocket */ = {
			isa = PBXGroup;
			children = (
				6023398F2877F7D600E35844 /* AppDelegate.swift */,
				602339912877F7D600E35844 /* SceneDelegate.swift */,
				602339932877F7D600E35844 /* ViewController.swift */,
				602339952877F7D600E35844 /* Main.storyboard */,
				602339982877F7D700E35844 /* Assets.xcassets */,
				6023399A2877F7D700E35844 /* LaunchScreen.storyboard */,
				6023399D2877F7D700E35844 /* Info.plist */,
				602339A528781DCE00E35844 /* SocketIOManager.swift */,
			);
			path = MyWebSocket;
			sourceTree = "<group>";
		};
		90E6FA0F85A07AE19944D98C /* Pods */ = {
			isa = PBXGroup;
			children = (
				E1617A6B4122D504738252FD /* Pods-MyWebSocket.debug.xcconfig */,
				3C8E832007230B6F36011AB6 /* Pods-MyWebSocket.release.xcconfig */,
			);
			path = Pods;
			sourceTree = "<group>";
		};
		D619C36B1CD70B96CFF349F2 /* Frameworks */ = {
			isa = PBXGroup;
			children = (
				D889EDE0CC42DC9A302FB6FB /* Pods_MyWebSocket.framework */,
			);
			name = Frameworks;
			sourceTree = "<group>";
		};
/* End PBXGroup section */

/* Begin PBXNativeTarget section */
		6023398B2877F7D600E35844 /* MyWebSocket */ = {
			isa = PBXNativeTarget;
			buildConfigurationList = 602339A02877F7D700E35844 /* Build configuration list for PBXNativeTarget "MyWebSocket" */;
			buildPhases = (
				EB8EBA16AEAAE21AF28AA214 /* [CP] Check Pods Manifest.lock */,
				602339882877F7D600E35844 /* Sources */,
				602339892877F7D600E35844 /* Frameworks */,
				6023398A2877F7D600E35844 /* Resources */,
				70E1D74E3352887897A3FA36 /* [CP] Embed Pods Frameworks */,
			);
			buildRules = (
			);
			dependencies = (
			);
			name = MyWebSocket;
			productName = MyWebSocket;
			productReference = 6023398C2877F7D600E35844 /* MyWebSocket.app */;
			productType = "com.apple.product-type.application";
		};
/* End PBXNativeTarget section */

/* Begin PBXProject section */
		602339842877F7D600E35844 /* Project object */ = {
			isa = PBXProject;
			attributes = {
				BuildIndependentTargetsInParallel = 1;
				LastSwiftUpdateCheck = 1330;
				LastUpgradeCheck = 1330;
				TargetAttributes = {
					6023398B2877F7D600E35844 = {
						CreatedOnToolsVersion = 13.3;
					};
				};
			};
			buildConfigurationList = 602339872877F7D600E35844 /* Build configuration list for PBXProject "MyWebSocket" */;
			compatibilityVersion = "Xcode 13.0";
			developmentRegion = en;
			hasScannedForEncodings = 0;
			knownRegions = (
				en,
				Base,
			);
			mainGroup = 602339832877F7D600E35844;
			productRefGroup = 6023398D2877F7D600E35844 /* Products */;
			projectDirPath = "";
			projectRoot = "";
			targets = (
				6023398B2877F7D600E35844 /* MyWebSocket */,
			);
		};
/* End PBXProject section */

/* Begin PBXResourcesBuildPhase section */
		6023398A2877F7D600E35844 /* Resources */ = {
			isa = PBXResourcesBuildPhase;
			buildActionMask = 2147483647;
			files = (
				6023399C2877F7D700E35844 /* LaunchScreen.storyboard in Resources */,
				602339992877F7D700E35844 /* Assets.xcassets in Resources */,
				602339972877F7D600E35844 /* Main.storyboard in Resources */,
			);
			runOnlyForDeploymentPostprocessing = 0;
		};
/* End PBXResourcesBuildPhase section */

/* Begin PBXShellScriptBuildPhase section */
		70E1D74E3352887897A3FA36 /* [CP] Embed Pods Frameworks */ = {
			isa = PBXShellScriptBuildPhase;
			buildActionMask = 2147483647;
			files = (
			);
			inputFileListPaths = (
				"${PODS_ROOT}/Target Support Files/Pods-MyWebSocket/Pods-MyWebSocket-frameworks-${CONFIGURATION}-input-files.xcfilelist",
			);
			name = "[CP] Embed Pods Frameworks";
			outputFileListPaths = (
				"${PODS_ROOT}/Target Support Files/Pods-MyWebSocket/Pods-MyWebSocket-frameworks-${CONFIGURATION}-output-files.xcfilelist",
			);
			runOnlyForDeploymentPostprocessing = 0;
			shellPath = /bin/sh;
			shellScript = "\"${PODS_ROOT}/Target Support Files/Pods-MyWebSocket/Pods-MyWebSocket-frameworks.sh\"\n";
			showEnvVarsInLog = 0;
		};
		EB8EBA16AEAAE21AF28AA214 /* [CP] Check Pods Manifest.lock */ = {
			isa = PBXShellScriptBuildPhase;
			buildActionMask = 2147483647;
			files = (
			);
			inputFileListPaths = (
			);
			inputPaths = (
				"${PODS_PODFILE_DIR_PATH}/Podfile.lock",
				"${PODS_ROOT}/Manifest.lock",
			);
			name = "[CP] Check Pods Manifest.lock";
			outputFileListPaths = (
			);
			outputPaths = (
				"$(DERIVED_FILE_DIR)/Pods-MyWebSocket-checkManifestLockResult.txt",
			);
			runOnlyForDeploymentPostprocessing = 0;
			shellPath = /bin/sh;
			shellScript = "diff \"${PODS_PODFILE_DIR_PATH}/Podfile.lock\" \"${PODS_ROOT}/Manifest.lock\" > /dev/null\nif [ $? != 0 ] ; then\n    # print error to STDERR\n    echo \"error: The sandbox is not in sync with the Podfile.lock. Run 'pod install' or update your CocoaPods installation.\" >&2\n    exit 1\nfi\n# This output is used by Xcode 'outputs' to avoid re-running this script phase.\necho \"SUCCESS\" > \"${SCRIPT_OUTPUT_FILE_0}\"\n";
			showEnvVarsInLog = 0;
		};
/* End PBXShellScriptBuildPhase section */

/* Begin PBXSourcesBuildPhase section */
		602339882877F7D600E35844 /* Sources */ = {
			isa = PBXSourcesBuildPhase;
			buildActionMask = 2147483647;
			files = (
				602339A628781DCE00E35844 /* SocketIOManager.swift in Sources */,
				602339942877F7D600E35844 /* ViewController.swift in Sources */,
				602339902877F7D600E35844 /* AppDelegate.swift in Sources */,
				602339922877F7D600E35844 /* SceneDelegate.swift in Sources */,
			);
			runOnlyForDeploymentPostprocessing = 0;
		};
/* End PBXSourcesBuildPhase section */

/* Begin PBXVariantGroup section */
		602339952877F7D600E35844 /* Main.storyboard */ = {
			isa = PBXVariantGroup;
			children = (
				602339962877F7D600E35844 /* Base */,
			);
			name = Main.storyboard;
			sourceTree = "<group>";
		};
		6023399A2877F7D700E35844 /* LaunchScreen.storyboard */ = {
			isa = PBXVariantGroup;
			children = (
				6023399B2877F7D700E35844 /* Base */,
			);
			name = LaunchScreen.storyboard;
			sourceTree = "<group>";
		};
/* End PBXVariantGroup section */

/* Begin XCBuildConfiguration section */
		6023399E2877F7D700E35844 /* Debug */ = {
			isa = XCBuildConfiguration;
			buildSettings = {
				ALWAYS_SEARCH_USER_PATHS = NO;
				CLANG_ANALYZER_NONNULL = YES;
				CLANG_ANALYZER_NUMBER_OBJECT_CONVERSION = YES_AGGRESSIVE;
				CLANG_CXX_LANGUAGE_STANDARD = "gnu++17";
				CLANG_ENABLE_MODULES = YES;
				CLANG_ENABLE_OBJC_ARC = YES;
				CLANG_ENABLE_OBJC_WEAK = YES;
				CLANG_WARN_BLOCK_CAPTURE_AUTORELEASING = YES;
				CLANG_WARN_BOOL_CONVERSION = YES;
				CLANG_WARN_COMMA = YES;
				CLANG_WARN_CONSTANT_CONVERSION = YES;
				CLANG_WARN_DEPRECATED_OBJC_IMPLEMENTATIONS = YES;
				CLANG_WARN_DIRECT_OBJC_ISA_USAGE = YES_ERROR;
				CLANG_WARN_DOCUMENTATION_COMMENTS = YES;
				CLANG_WARN_EMPTY_BODY = YES;
				CLANG_WARN_ENUM_CONVERSION = YES;
				CLANG_WARN_INFINITE_RECURSION = YES;
				CLANG_WARN_INT_CONVERSION = YES;
				CLANG_WARN_NON_LITERAL_NULL_CONVERSION = YES;
				CLANG_WARN_OBJC_IMPLICIT_RETAIN_SELF = YES;
				CLANG_WARN_OBJC_LITERAL_CONVERSION = YES;
				CLANG_WARN_OBJC_ROOT_CLASS = YES_ERROR;
				CLANG_WARN_QUOTED_INCLUDE_IN_FRAMEWORK_HEADER = YES;
				CLANG_WARN_RANGE_LOOP_ANALYSIS = YES;
				CLANG_WARN_STRICT_PROTOTYPES = YES;
				CLANG_WARN_SUSPICIOUS_MOVE = YES;
				CLANG_WARN_UNGUARDED_AVAILABILITY = YES_AGGRESSIVE;
				CLANG_WARN_UNREACHABLE_CODE = YES;
				CLANG_WARN__DUPLICATE_METHOD_MATCH = YES;
				COPY_PHASE_STRIP = NO;
				DEBUG_INFORMATION_FORMAT = dwarf;
				ENABLE_STRICT_OBJC_MSGSEND = YES;
				ENABLE_TESTABILITY = YES;
				GCC_C_LANGUAGE_STANDARD = gnu11;
				GCC_DYNAMIC_NO_PIC = NO;
				GCC_NO_COMMON_BLOCKS = YES;
				GCC_OPTIMIZATION_LEVEL = 0;
				GCC_PREPROCESSOR_DEFINITIONS = (
					"DEBUG=1",
					"$(inherited)",
				);
				GCC_WARN_64_TO_32_BIT_CONVERSION = YES;
				GCC_WARN_ABOUT_RETURN_TYPE = YES_ERROR;
				GCC_WARN_UNDECLARED_SELECTOR = YES;
				GCC_WARN_UNINITIALIZED_AUTOS = YES_AGGRESSIVE;
				GCC_WARN_UNUSED_FUNCTION = YES;
				GCC_WARN_UNUSED_VARIABLE = YES;
				IPHONEOS_DEPLOYMENT_TARGET = 15.0;
				MTL_ENABLE_DEBUG_INFO = INCLUDE_SOURCE;
				MTL_FAST_MATH = YES;
				ONLY_ACTIVE_ARCH = YES;
				SDKROOT = iphoneos;
				SWIFT_ACTIVE_COMPILATION_CONDITIONS = DEBUG;
				SWIFT_OPTIMIZATION_LEVEL = "-Onone";
			};
			name = Debug;
		};
		6023399F2877F7D700E35844 /* Release */ = {
			isa = XCBuildConfiguration;
			buildSettings = {
				ALWAYS_SEARCH_USER_PATHS = NO;
				CLANG_ANALYZER_NONNULL = YES;
				CLANG_ANALYZER_NUMBER_OBJECT_CONVERSION = YES_AGGRESSIVE;
				CLANG_CXX_LANGUAGE_STANDARD = "gnu++17";
				CLANG_ENABLE_MODULES = YES;
				CLANG_ENABLE_OBJC_ARC = YES;
				CLANG_ENABLE_OBJC_WEAK = YES;
				CLANG_WARN_BLOCK_CAPTURE_AUTORELEASING = YES;
				CLANG_WARN_BOOL_CONVERSION = YES;
				CLANG_WARN_COMMA = YES;
				CLANG_WARN_CONSTANT_CONVERSION = YES;
				CLANG_WARN_DEPRECATED_OBJC_IMPLEMENTATIONS = YES;
				CLANG_WARN_DIRECT_OBJC_ISA_USAGE = YES_ERROR;
				CLANG_WARN_DOCUMENTATION_COMMENTS = YES;
				CLANG_WARN_EMPTY_BODY = YES;
				CLANG_WARN_ENUM_CONVERSION = YES;
				CLANG_WARN_INFINITE_RECURSION = YES;
				CLANG_WARN_INT_CONVERSION = YES;
				CLANG_WARN_NON_LITERAL_NULL_CONVERSION = YES;
				CLANG_WARN_OBJC_IMPLICIT_RETAIN_SELF = YES;
				CLANG_WARN_OBJC_LITERAL_CONVERSION = YES;
				CLANG_WARN_OBJC_ROOT_CLASS = YES_ERROR;
				CLANG_WARN_QUOTED_INCLUDE_IN_FRAMEWORK_HEADER = YES;
				CLANG_WARN_RANGE_LOOP_ANALYSIS = YES;
				CLANG_WARN_STRICT_PROTOTYPES = YES;
				CLANG_WARN_SUSPICIOUS_MOVE = YES;
				CLANG_WARN_UNGUARDED_AVAILABILITY = YES_AGGRESSIVE;
				CLANG_WARN_UNREACHABLE_CODE = YES;
				CLANG_WARN__DUPLICATE_METHOD_MATCH = YES;
				COPY_PHASE_STRIP = NO;
				DEBUG_INFORMATION_FORMAT = "dwarf-with-dsym";
				ENABLE_NS_ASSERTIONS = NO;
				ENABLE_STRICT_OBJC_MSGSEND = YES;
				GCC_C_LANGUAGE_STANDARD = gnu11;
				GCC_NO_COMMON_BLOCKS = YES;
				GCC_WARN_64_TO_32_BIT_CONVERSION = YES;
				GCC_WARN_ABOUT_RETURN_TYPE = YES_ERROR;
				GCC_WARN_UNDECLARED_SELECTOR = YES;
				GCC_WARN_UNINITIALIZED_AUTOS = YES_AGGRESSIVE;
				GCC_WARN_UNUSED_FUNCTION = YES;
				GCC_WARN_UNUSED_VARIABLE = YES;
				IPHONEOS_DEPLOYMENT_TARGET = 15.0;
				MTL_ENABLE_DEBUG_INFO = NO;
				MTL_FAST_MATH = YES;
				SDKROOT = iphoneos;
				SWIFT_COMPILATION_MODE = wholemodule;
				SWIFT_OPTIMIZATION_LEVEL = "-O";
				VALIDATE_PRODUCT = YES;
			};
			name = Release;
		};
		602339A12877F7D700E35844 /* Debug */ = {
			isa = XCBuildConfiguration;
			baseConfigurationReference = E1617A6B4122D504738252FD /* Pods-MyWebSocket.debug.xcconfig */;
			buildSettings = {
				ASSETCATALOG_COMPILER_APPICON_NAME = AppIcon;
				ASSETCATALOG_COMPILER_GLOBAL_ACCENT_COLOR_NAME = AccentColor;
				CODE_SIGN_STYLE = Automatic;
				CURRENT_PROJECT_VERSION = 1;
				DEVELOPMENT_TEAM = K3T4DBPF55;
				GENERATE_INFOPLIST_FILE = YES;
				INFOPLIST_FILE = MyWebSocket/Info.plist;
				INFOPLIST_KEY_UIApplicationSupportsIndirectInputEvents = YES;
				INFOPLIST_KEY_UILaunchStoryboardName = LaunchScreen;
				INFOPLIST_KEY_UIMainStoryboardFile = Main;
				INFOPLIST_KEY_UISupportedInterfaceOrientations_iPad = "UIInterfaceOrientationPortrait UIInterfaceOrientationPortraitUpsideDown UIInterfaceOrientationLandscapeLeft UIInterfaceOrientationLandscapeRight";
				INFOPLIST_KEY_UISupportedInterfaceOrientations_iPhone = "UIInterfaceOrientationPortrait UIInterfaceOrientationLandscapeLeft UIInterfaceOrientationLandscapeRight";
				LD_RUNPATH_SEARCH_PATHS = (
					"$(inherited)",
					"@executable_path/Frameworks",
				);
				MARKETING_VERSION = 1.0;
				PRODUCT_BUNDLE_IDENTIFIER = com.test.MyWebSocket;
				PRODUCT_NAME = "$(TARGET_NAME)";
				SWIFT_EMIT_LOC_STRINGS = YES;
				SWIFT_VERSION = 5.0;
				TARGETED_DEVICE_FAMILY = "1,2";
			};
			name = Debug;
		};
		602339A22877F7D700E35844 /* Release */ = {
			isa = XCBuildConfiguration;
			baseConfigurationReference = 3C8E832007230B6F36011AB6 /* Pods-MyWebSocket.release.xcconfig */;
			buildSettings = {
				ASSETCATALOG_COMPILER_APPICON_NAME = AppIcon;
				ASSETCATALOG_COMPILER_GLOBAL_ACCENT_COLOR_NAME = AccentColor;
				CODE_SIGN_STYLE = Automatic;
				CURRENT_PROJECT_VERSION = 1;
				DEVELOPMENT_TEAM = K3T4DBPF55;
				GENERATE_INFOPLIST_FILE = YES;
				INFOPLIST_FILE = MyWebSocket/Info.plist;
				INFOPLIST_KEY_UIApplicationSupportsIndirectInputEvents = YES;
				INFOPLIST_KEY_UILaunchStoryboardName = LaunchScreen;
				INFOPLIST_KEY_UIMainStoryboardFile = Main;
				INFOPLIST_KEY_UISupportedInterfaceOrientations_iPad = "UIInterfaceOrientationPortrait UIInterfaceOrientationPortraitUpsideDown UIInterfaceOrientationLandscapeLeft UIInterfaceOrientationLandscapeRight";
				INFOPLIST_KEY_UISupportedInterfaceOrientations_iPhone = "UIInterfaceOrientationPortrait UIInterfaceOrientationLandscapeLeft UIInterfaceOrientationLandscapeRight";
				LD_RUNPATH_SEARCH_PATHS = (
					"$(inherited)",
					"@executable_path/Frameworks",
				);
				MARKETING_VERSION = 1.0;
				PRODUCT_BUNDLE_IDENTIFIER = com.test.MyWebSocket;
				PRODUCT_NAME = "$(TARGET_NAME)";
				SWIFT_EMIT_LOC_STRINGS = YES;
				SWIFT_VERSION = 5.0;
				TARGETED_DEVICE_FAMILY = "1,2";
			};
			name = Release;
		};
/* End XCBuildConfiguration section */

/* Begin XCConfigurationList section */
		602339872877F7D600E35844 /* Build configuration list for PBXProject "MyWebSocket" */ = {
			isa = XCConfigurationList;
			buildConfigurations = (
				6023399E2877F7D700E35844 /* Debug */,
				6023399F2877F7D700E35844 /* Release */,
			);
			defaultConfigurationIsVisible = 0;
			defaultConfigurationName = Release;
		};
		602339A02877F7D700E35844 /* Build configuration list for PBXNativeTarget "MyWebSocket" */ = {
			isa = XCConfigurationList;
			buildConfigurations = (
				602339A12877F7D700E35844 /* Debug */,
				602339A22877F7D700E35844 /* Release */,
			);
			defaultConfigurationIsVisible = 0;
			defaultConfigurationName = Release;
		};
/* End XCConfigurationList section */
	};
	rootObject = 602339842877F7D600E35844 /* Project object */;
}
